// !$*UTF8*$!
{
	archiveVersion = 1;
	classes = {
	};
	objectVersion = 56;
	objects = {

/* Begin PBXBuildFile section */
		0A507A1707F63798A028F83C /* Pods_OzinsheDemo_OzinsheDemoUITests.framework in Frameworks */ = {isa = PBXBuildFile; fileRef = 6F8F3D98F772DB9A8E1A5227 /* Pods_OzinsheDemo_OzinsheDemoUITests.framework */; };
		28B8C20CF74B1A4AFDC8FB87 /* Pods_OzinsheDemo.framework in Frameworks */ = {isa = PBXBuildFile; fileRef = 6EE068BA3B0029A4C70EFA71 /* Pods_OzinsheDemo.framework */; };
		DA65A7287DAFA92AFB83A235 /* Pods_OzinsheDemoTests.framework in Frameworks */ = {isa = PBXBuildFile; fileRef = 35D3EBD2B9601A46A32F9E7A /* Pods_OzinsheDemoTests.framework */; };
		DB4362692B30630B00285B5A /* Enums.swift in Sources */ = {isa = PBXBuildFile; fileRef = DB4362682B30630B00285B5A /* Enums.swift */; };
		DB4F1C9F2AF3AE150086DFD5 /* AppDelegate.swift in Sources */ = {isa = PBXBuildFile; fileRef = DB4F1C9E2AF3AE150086DFD5 /* AppDelegate.swift */; };
		DB4F1CA12AF3AE150086DFD5 /* SceneDelegate.swift in Sources */ = {isa = PBXBuildFile; fileRef = DB4F1CA02AF3AE150086DFD5 /* SceneDelegate.swift */; };
		DB4F1CA32AF3AE150086DFD5 /* ViewController.swift in Sources */ = {isa = PBXBuildFile; fileRef = DB4F1CA22AF3AE150086DFD5 /* ViewController.swift */; };
		DB4F1CA62AF3AE150086DFD5 /* Main.storyboard in Resources */ = {isa = PBXBuildFile; fileRef = DB4F1CA42AF3AE150086DFD5 /* Main.storyboard */; };
		DB4F1CA82AF3AE160086DFD5 /* Assets.xcassets in Resources */ = {isa = PBXBuildFile; fileRef = DB4F1CA72AF3AE160086DFD5 /* Assets.xcassets */; };
		DB4F1CAB2AF3AE160086DFD5 /* LaunchScreen.storyboard in Resources */ = {isa = PBXBuildFile; fileRef = DB4F1CA92AF3AE160086DFD5 /* LaunchScreen.storyboard */; };
		DB4F1CB62AF3AE160086DFD5 /* OzinsheDemoTests.swift in Sources */ = {isa = PBXBuildFile; fileRef = DB4F1CB52AF3AE160086DFD5 /* OzinsheDemoTests.swift */; };
		DB4F1CC02AF3AE160086DFD5 /* OzinsheDemoUITests.swift in Sources */ = {isa = PBXBuildFile; fileRef = DB4F1CBF2AF3AE160086DFD5 /* OzinsheDemoUITests.swift */; };
		DB4F1CC22AF3AE160086DFD5 /* OzinsheDemoUITestsLaunchTests.swift in Sources */ = {isa = PBXBuildFile; fileRef = DB4F1CC12AF3AE160086DFD5 /* OzinsheDemoUITestsLaunchTests.swift */; };
		DB945CA32B2B1FA0007C57BD /* Localizable.strings in Resources */ = {isa = PBXBuildFile; fileRef = DB945CA52B2B1FA0007C57BD /* Localizable.strings */; };
		DB945CA92B2C6F19007C57BD /* ProfileViewController.swift in Sources */ = {isa = PBXBuildFile; fileRef = DB945CA82B2C6F19007C57BD /* ProfileViewController.swift */; };
		DB945CAB2B2C7A39007C57BD /* LanguageViewController.swift in Sources */ = {isa = PBXBuildFile; fileRef = DB945CAA2B2C7A39007C57BD /* LanguageViewController.swift */; };
		DBF780BD2B074BE2005DA017 /* TabBarController.swift in Sources */ = {isa = PBXBuildFile; fileRef = DBF780BC2B074BE2005DA017 /* TabBarController.swift */; };
		DBF780C72B077016005DA017 /* SF-Pro-Display-Bold.otf in Resources */ = {isa = PBXBuildFile; fileRef = DBF780C32B077016005DA017 /* SF-Pro-Display-Bold.otf */; };
		DBF780C82B077016005DA017 /* SF-Pro-Display-Medium.otf in Resources */ = {isa = PBXBuildFile; fileRef = DBF780C42B077016005DA017 /* SF-Pro-Display-Medium.otf */; };
		DBF780C92B077016005DA017 /* SF-Pro-Display-Semibold.otf in Resources */ = {isa = PBXBuildFile; fileRef = DBF780C52B077016005DA017 /* SF-Pro-Display-Semibold.otf */; };
		DBF780CA2B077016005DA017 /* SF-Pro-Display-Regular.otf in Resources */ = {isa = PBXBuildFile; fileRef = DBF780C62B077016005DA017 /* SF-Pro-Display-Regular.otf */; };
		DBF780CD2B0D1D5B005DA017 /* FavoriteTableViewController.swift in Sources */ = {isa = PBXBuildFile; fileRef = DBF780CC2B0D1D5B005DA017 /* FavoriteTableViewController.swift */; };
		DBF780CF2B0D1E7F005DA017 /* MovieTableViewCell.swift in Sources */ = {isa = PBXBuildFile; fileRef = DBF780CE2B0D1E7F005DA017 /* MovieTableViewCell.swift */; };
/* End PBXBuildFile section */

/* Begin PBXContainerItemProxy section */
		DB4F1CB22AF3AE160086DFD5 /* PBXContainerItemProxy */ = {
			isa = PBXContainerItemProxy;
			containerPortal = DB4F1C932AF3AE150086DFD5 /* Project object */;
			proxyType = 1;
			remoteGlobalIDString = DB4F1C9A2AF3AE150086DFD5;
			remoteInfo = OzinsheDemo;
		};
		DB4F1CBC2AF3AE160086DFD5 /* PBXContainerItemProxy */ = {
			isa = PBXContainerItemProxy;
			containerPortal = DB4F1C932AF3AE150086DFD5 /* Project object */;
			proxyType = 1;
			remoteGlobalIDString = DB4F1C9A2AF3AE150086DFD5;
			remoteInfo = OzinsheDemo;
		};
/* End PBXContainerItemProxy section */

/* Begin PBXFileReference section */
		35D3EBD2B9601A46A32F9E7A /* Pods_OzinsheDemoTests.framework */ = {isa = PBXFileReference; explicitFileType = wrapper.framework; includeInIndex = 0; path = Pods_OzinsheDemoTests.framework; sourceTree = BUILT_PRODUCTS_DIR; };
		5C6712D23BF0B1AA2C575262 /* Pods-OzinsheDemoTests.release.xcconfig */ = {isa = PBXFileReference; includeInIndex = 1; lastKnownFileType = text.xcconfig; name = "Pods-OzinsheDemoTests.release.xcconfig"; path = "Target Support Files/Pods-OzinsheDemoTests/Pods-OzinsheDemoTests.release.xcconfig"; sourceTree = "<group>"; };
		6EE068BA3B0029A4C70EFA71 /* Pods_OzinsheDemo.framework */ = {isa = PBXFileReference; explicitFileType = wrapper.framework; includeInIndex = 0; path = Pods_OzinsheDemo.framework; sourceTree = BUILT_PRODUCTS_DIR; };
		6F8F3D98F772DB9A8E1A5227 /* Pods_OzinsheDemo_OzinsheDemoUITests.framework */ = {isa = PBXFileReference; explicitFileType = wrapper.framework; includeInIndex = 0; path = Pods_OzinsheDemo_OzinsheDemoUITests.framework; sourceTree = BUILT_PRODUCTS_DIR; };
		75B4743592C7C9EAC3FF162F /* Pods-OzinsheDemo-OzinsheDemoUITests.debug.xcconfig */ = {isa = PBXFileReference; includeInIndex = 1; lastKnownFileType = text.xcconfig; name = "Pods-OzinsheDemo-OzinsheDemoUITests.debug.xcconfig"; path = "Target Support Files/Pods-OzinsheDemo-OzinsheDemoUITests/Pods-OzinsheDemo-OzinsheDemoUITests.debug.xcconfig"; sourceTree = "<group>"; };
		7E06FB8E67EC2AB1EF699561 /* Pods-OzinsheDemo-OzinsheDemoUITests.release.xcconfig */ = {isa = PBXFileReference; includeInIndex = 1; lastKnownFileType = text.xcconfig; name = "Pods-OzinsheDemo-OzinsheDemoUITests.release.xcconfig"; path = "Target Support Files/Pods-OzinsheDemo-OzinsheDemoUITests/Pods-OzinsheDemo-OzinsheDemoUITests.release.xcconfig"; sourceTree = "<group>"; };
		7E632C1E3421F62741FBDE60 /* Pods-OzinsheDemoTests.debug.xcconfig */ = {isa = PBXFileReference; includeInIndex = 1; lastKnownFileType = text.xcconfig; name = "Pods-OzinsheDemoTests.debug.xcconfig"; path = "Target Support Files/Pods-OzinsheDemoTests/Pods-OzinsheDemoTests.debug.xcconfig"; sourceTree = "<group>"; };
		8D1A8C4632A91D247DA4E0D3 /* Pods-OzinsheDemo.release.xcconfig */ = {isa = PBXFileReference; includeInIndex = 1; lastKnownFileType = text.xcconfig; name = "Pods-OzinsheDemo.release.xcconfig"; path = "Target Support Files/Pods-OzinsheDemo/Pods-OzinsheDemo.release.xcconfig"; sourceTree = "<group>"; };
		DB4362682B30630B00285B5A /* Enums.swift */ = {isa = PBXFileReference; lastKnownFileType = sourcecode.swift; path = Enums.swift; sourceTree = "<group>"; };
		DB4F1C9B2AF3AE150086DFD5 /* OzinsheDemo.app */ = {isa = PBXFileReference; explicitFileType = wrapper.application; includeInIndex = 0; path = OzinsheDemo.app; sourceTree = BUILT_PRODUCTS_DIR; };
		DB4F1C9E2AF3AE150086DFD5 /* AppDelegate.swift */ = {isa = PBXFileReference; lastKnownFileType = sourcecode.swift; path = AppDelegate.swift; sourceTree = "<group>"; };
		DB4F1CA02AF3AE150086DFD5 /* SceneDelegate.swift */ = {isa = PBXFileReference; lastKnownFileType = sourcecode.swift; path = SceneDelegate.swift; sourceTree = "<group>"; };
		DB4F1CA22AF3AE150086DFD5 /* ViewController.swift */ = {isa = PBXFileReference; lastKnownFileType = sourcecode.swift; path = ViewController.swift; sourceTree = "<group>"; };
		DB4F1CA52AF3AE150086DFD5 /* Base */ = {isa = PBXFileReference; lastKnownFileType = file.storyboard; name = Base; path = Base.lproj/Main.storyboard; sourceTree = "<group>"; };
		DB4F1CA72AF3AE160086DFD5 /* Assets.xcassets */ = {isa = PBXFileReference; lastKnownFileType = folder.assetcatalog; path = Assets.xcassets; sourceTree = "<group>"; };
		DB4F1CAA2AF3AE160086DFD5 /* Base */ = {isa = PBXFileReference; lastKnownFileType = file.storyboard; name = Base; path = Base.lproj/LaunchScreen.storyboard; sourceTree = "<group>"; };
		DB4F1CAC2AF3AE160086DFD5 /* Info.plist */ = {isa = PBXFileReference; lastKnownFileType = text.plist.xml; path = Info.plist; sourceTree = "<group>"; };
		DB4F1CB12AF3AE160086DFD5 /* OzinsheDemoTests.xctest */ = {isa = PBXFileReference; explicitFileType = wrapper.cfbundle; includeInIndex = 0; path = OzinsheDemoTests.xctest; sourceTree = BUILT_PRODUCTS_DIR; };
		DB4F1CB52AF3AE160086DFD5 /* OzinsheDemoTests.swift */ = {isa = PBXFileReference; lastKnownFileType = sourcecode.swift; path = OzinsheDemoTests.swift; sourceTree = "<group>"; };
		DB4F1CBB2AF3AE160086DFD5 /* OzinsheDemoUITests.xctest */ = {isa = PBXFileReference; explicitFileType = wrapper.cfbundle; includeInIndex = 0; path = OzinsheDemoUITests.xctest; sourceTree = BUILT_PRODUCTS_DIR; };
		DB4F1CBF2AF3AE160086DFD5 /* OzinsheDemoUITests.swift */ = {isa = PBXFileReference; lastKnownFileType = sourcecode.swift; path = OzinsheDemoUITests.swift; sourceTree = "<group>"; };
		DB4F1CC12AF3AE160086DFD5 /* OzinsheDemoUITestsLaunchTests.swift */ = {isa = PBXFileReference; lastKnownFileType = sourcecode.swift; path = OzinsheDemoUITestsLaunchTests.swift; sourceTree = "<group>"; };
		DB945CA42B2B1FA0007C57BD /* en */ = {isa = PBXFileReference; lastKnownFileType = text.plist.strings; name = en; path = en.lproj/Localizable.strings; sourceTree = "<group>"; };
		DB945CA62B2B1FEE007C57BD /* ru */ = {isa = PBXFileReference; lastKnownFileType = text.plist.strings; name = ru; path = ru.lproj/Localizable.strings; sourceTree = "<group>"; };
		DB945CA72B2B2051007C57BD /* kk */ = {isa = PBXFileReference; lastKnownFileType = text.plist.strings; name = kk; path = kk.lproj/Localizable.strings; sourceTree = "<group>"; };
		DB945CA82B2C6F19007C57BD /* ProfileViewController.swift */ = {isa = PBXFileReference; lastKnownFileType = sourcecode.swift; path = ProfileViewController.swift; sourceTree = "<group>"; };
		DB945CAA2B2C7A39007C57BD /* LanguageViewController.swift */ = {isa = PBXFileReference; lastKnownFileType = sourcecode.swift; path = LanguageViewController.swift; sourceTree = "<group>"; };
		DBF780BC2B074BE2005DA017 /* TabBarController.swift */ = {isa = PBXFileReference; lastKnownFileType = sourcecode.swift; path = TabBarController.swift; sourceTree = "<group>"; };
		DBF780C32B077016005DA017 /* SF-Pro-Display-Bold.otf */ = {isa = PBXFileReference; lastKnownFileType = file; path = "SF-Pro-Display-Bold.otf"; sourceTree = "<group>"; };
		DBF780C42B077016005DA017 /* SF-Pro-Display-Medium.otf */ = {isa = PBXFileReference; lastKnownFileType = file; path = "SF-Pro-Display-Medium.otf"; sourceTree = "<group>"; };
		DBF780C52B077016005DA017 /* SF-Pro-Display-Semibold.otf */ = {isa = PBXFileReference; lastKnownFileType = file; path = "SF-Pro-Display-Semibold.otf"; sourceTree = "<group>"; };
		DBF780C62B077016005DA017 /* SF-Pro-Display-Regular.otf */ = {isa = PBXFileReference; lastKnownFileType = file; path = "SF-Pro-Display-Regular.otf"; sourceTree = "<group>"; };
		DBF780CC2B0D1D5B005DA017 /* FavoriteTableViewController.swift */ = {isa = PBXFileReference; lastKnownFileType = sourcecode.swift; path = FavoriteTableViewController.swift; sourceTree = "<group>"; };
		DBF780CE2B0D1E7F005DA017 /* MovieTableViewCell.swift */ = {isa = PBXFileReference; lastKnownFileType = sourcecode.swift; path = MovieTableViewCell.swift; sourceTree = "<group>"; };
		E31423FD37049321AA2437F4 /* Pods-OzinsheDemo.debug.xcconfig */ = {isa = PBXFileReference; includeInIndex = 1; lastKnownFileType = text.xcconfig; name = "Pods-OzinsheDemo.debug.xcconfig"; path = "Target Support Files/Pods-OzinsheDemo/Pods-OzinsheDemo.debug.xcconfig"; sourceTree = "<group>"; };
/* End PBXFileReference section */

/* Begin PBXFrameworksBuildPhase section */
		DB4F1C982AF3AE150086DFD5 /* Frameworks */ = {
			isa = PBXFrameworksBuildPhase;
			buildActionMask = 2147483647;
			files = (
				28B8C20CF74B1A4AFDC8FB87 /* Pods_OzinsheDemo.framework in Frameworks */,
			);
			runOnlyForDeploymentPostprocessing = 0;
		};
		DB4F1CAE2AF3AE160086DFD5 /* Frameworks */ = {
			isa = PBXFrameworksBuildPhase;
			buildActionMask = 2147483647;
			files = (
				DA65A7287DAFA92AFB83A235 /* Pods_OzinsheDemoTests.framework in Frameworks */,
			);
			runOnlyForDeploymentPostprocessing = 0;
		};
		DB4F1CB82AF3AE160086DFD5 /* Frameworks */ = {
			isa = PBXFrameworksBuildPhase;
			buildActionMask = 2147483647;
			files = (
				0A507A1707F63798A028F83C /* Pods_OzinsheDemo_OzinsheDemoUITests.framework in Frameworks */,
			);
			runOnlyForDeploymentPostprocessing = 0;
		};
/* End PBXFrameworksBuildPhase section */

/* Begin PBXGroup section */
		64CDBDB27FEF0A48346AF9A5 /* Frameworks */ = {
			isa = PBXGroup;
			children = (
				6EE068BA3B0029A4C70EFA71 /* Pods_OzinsheDemo.framework */,
				6F8F3D98F772DB9A8E1A5227 /* Pods_OzinsheDemo_OzinsheDemoUITests.framework */,
				35D3EBD2B9601A46A32F9E7A /* Pods_OzinsheDemoTests.framework */,
			);
			name = Frameworks;
			sourceTree = "<group>";
		};
		76F985A86B2DE33F3A057CD1 /* Pods */ = {
			isa = PBXGroup;
			children = (
				E31423FD37049321AA2437F4 /* Pods-OzinsheDemo.debug.xcconfig */,
				8D1A8C4632A91D247DA4E0D3 /* Pods-OzinsheDemo.release.xcconfig */,
				75B4743592C7C9EAC3FF162F /* Pods-OzinsheDemo-OzinsheDemoUITests.debug.xcconfig */,
				7E06FB8E67EC2AB1EF699561 /* Pods-OzinsheDemo-OzinsheDemoUITests.release.xcconfig */,
				7E632C1E3421F62741FBDE60 /* Pods-OzinsheDemoTests.debug.xcconfig */,
				5C6712D23BF0B1AA2C575262 /* Pods-OzinsheDemoTests.release.xcconfig */,
			);
			path = Pods;
			sourceTree = "<group>";
		};
		DB4362672B3062DB00285B5A /* Helpers */ = {
			isa = PBXGroup;
			children = (
				DB4362682B30630B00285B5A /* Enums.swift */,
			);
			path = Helpers;
			sourceTree = "<group>";
		};
		DB4F1C922AF3AE150086DFD5 = {
			isa = PBXGroup;
			children = (
				DB4F1C9D2AF3AE150086DFD5 /* OzinsheDemo */,
				DB4F1CB42AF3AE160086DFD5 /* OzinsheDemoTests */,
				DB4F1CBE2AF3AE160086DFD5 /* OzinsheDemoUITests */,
				DB4F1C9C2AF3AE150086DFD5 /* Products */,
				76F985A86B2DE33F3A057CD1 /* Pods */,
				64CDBDB27FEF0A48346AF9A5 /* Frameworks */,
			);
			sourceTree = "<group>";
		};
		DB4F1C9C2AF3AE150086DFD5 /* Products */ = {
			isa = PBXGroup;
			children = (
				DB4F1C9B2AF3AE150086DFD5 /* OzinsheDemo.app */,
				DB4F1CB12AF3AE160086DFD5 /* OzinsheDemoTests.xctest */,
				DB4F1CBB2AF3AE160086DFD5 /* OzinsheDemoUITests.xctest */,
			);
			name = Products;
			sourceTree = "<group>";
		};
		DB4F1C9D2AF3AE150086DFD5 /* OzinsheDemo */ = {
			isa = PBXGroup;
			children = (
				DBF780BE2B076E02005DA017 /* Fonts */,
				DB4362672B3062DB00285B5A /* Helpers */,
				DBF780CB2B0D1CFE005DA017 /* Controllers */,
				DB4F1CA02AF3AE150086DFD5 /* SceneDelegate.swift */,
				DB4F1C9E2AF3AE150086DFD5 /* AppDelegate.swift */,
				DB4F1CA42AF3AE150086DFD5 /* Main.storyboard */,
				DB4F1CA72AF3AE160086DFD5 /* Assets.xcassets */,
				DB4F1CA92AF3AE160086DFD5 /* LaunchScreen.storyboard */,
				DB4F1CAC2AF3AE160086DFD5 /* Info.plist */,
				DB945CA52B2B1FA0007C57BD /* Localizable.strings */,
			);
			path = OzinsheDemo;
			sourceTree = "<group>";
		};
		DB4F1CB42AF3AE160086DFD5 /* OzinsheDemoTests */ = {
			isa = PBXGroup;
			children = (
				DB4F1CB52AF3AE160086DFD5 /* OzinsheDemoTests.swift */,
			);
			path = OzinsheDemoTests;
			sourceTree = "<group>";
		};
		DB4F1CBE2AF3AE160086DFD5 /* OzinsheDemoUITests */ = {
			isa = PBXGroup;
			children = (
				DB4F1CBF2AF3AE160086DFD5 /* OzinsheDemoUITests.swift */,
				DB4F1CC12AF3AE160086DFD5 /* OzinsheDemoUITestsLaunchTests.swift */,
			);
			path = OzinsheDemoUITests;
			sourceTree = "<group>";
		};
		DBF780BE2B076E02005DA017 /* Fonts */ = {
			isa = PBXGroup;
			children = (
				DBF780C32B077016005DA017 /* SF-Pro-Display-Bold.otf */,
				DBF780C42B077016005DA017 /* SF-Pro-Display-Medium.otf */,
				DBF780C62B077016005DA017 /* SF-Pro-Display-Regular.otf */,
				DBF780C52B077016005DA017 /* SF-Pro-Display-Semibold.otf */,
			);
			path = Fonts;
			sourceTree = "<group>";
		};
		DBF780CB2B0D1CFE005DA017 /* Controllers */ = {
			isa = PBXGroup;
			children = (
				DB4F1CA22AF3AE150086DFD5 /* ViewController.swift */,
				DBF780BC2B074BE2005DA017 /* TabBarController.swift */,
				DBF780CC2B0D1D5B005DA017 /* FavoriteTableViewController.swift */,
				DBF780CE2B0D1E7F005DA017 /* MovieTableViewCell.swift */,
				DB945CAA2B2C7A39007C57BD /* LanguageViewController.swift */,
				DB945CA82B2C6F19007C57BD /* ProfileViewController.swift */,
			);
			path = Controllers;
			sourceTree = "<group>";
		};
/* End PBXGroup section */

/* Begin PBXNativeTarget section */
		DB4F1C9A2AF3AE150086DFD5 /* OzinsheDemo */ = {
			isa = PBXNativeTarget;
			buildConfigurationList = DB4F1CC52AF3AE160086DFD5 /* Build configuration list for PBXNativeTarget "OzinsheDemo" */;
			buildPhases = (
				F53D4E51E89E540E2EA3B965 /* [CP] Check Pods Manifest.lock */,
				DB4F1C972AF3AE150086DFD5 /* Sources */,
				DB4F1C982AF3AE150086DFD5 /* Frameworks */,
				DB4F1C992AF3AE150086DFD5 /* Resources */,
				2E9107A8D0D447DBD6C2FBC2 /* [CP] Embed Pods Frameworks */,
			);
			buildRules = (
			);
			dependencies = (
			);
			name = OzinsheDemo;
			productName = OzinsheDemo;
			productReference = DB4F1C9B2AF3AE150086DFD5 /* OzinsheDemo.app */;
			productType = "com.apple.product-type.application";
		};
		DB4F1CB02AF3AE160086DFD5 /* OzinsheDemoTests */ = {
			isa = PBXNativeTarget;
			buildConfigurationList = DB4F1CC82AF3AE160086DFD5 /* Build configuration list for PBXNativeTarget "OzinsheDemoTests" */;
			buildPhases = (
				8FCD773793FA252272682C53 /* [CP] Check Pods Manifest.lock */,
				DB4F1CAD2AF3AE160086DFD5 /* Sources */,
				DB4F1CAE2AF3AE160086DFD5 /* Frameworks */,
				DB4F1CAF2AF3AE160086DFD5 /* Resources */,
			);
			buildRules = (
			);
			dependencies = (
				DB4F1CB32AF3AE160086DFD5 /* PBXTargetDependency */,
			);
			name = OzinsheDemoTests;
			productName = OzinsheDemoTests;
			productReference = DB4F1CB12AF3AE160086DFD5 /* OzinsheDemoTests.xctest */;
			productType = "com.apple.product-type.bundle.unit-test";
		};
		DB4F1CBA2AF3AE160086DFD5 /* OzinsheDemoUITests */ = {
			isa = PBXNativeTarget;
			buildConfigurationList = DB4F1CCB2AF3AE160086DFD5 /* Build configuration list for PBXNativeTarget "OzinsheDemoUITests" */;
			buildPhases = (
				C5285E25A73CB6B8DF75425A /* [CP] Check Pods Manifest.lock */,
				DB4F1CB72AF3AE160086DFD5 /* Sources */,
				DB4F1CB82AF3AE160086DFD5 /* Frameworks */,
				DB4F1CB92AF3AE160086DFD5 /* Resources */,
				12AF73EE0747CA1A41E7F8B8 /* [CP] Embed Pods Frameworks */,
			);
			buildRules = (
			);
			dependencies = (
				DB4F1CBD2AF3AE160086DFD5 /* PBXTargetDependency */,
			);
			name = OzinsheDemoUITests;
			productName = OzinsheDemoUITests;
			productReference = DB4F1CBB2AF3AE160086DFD5 /* OzinsheDemoUITests.xctest */;
			productType = "com.apple.product-type.bundle.ui-testing";
		};
/* End PBXNativeTarget section */

/* Begin PBXProject section */
		DB4F1C932AF3AE150086DFD5 /* Project object */ = {
			isa = PBXProject;
			attributes = {
				BuildIndependentTargetsInParallel = 1;
				LastSwiftUpdateCheck = 1500;
				LastUpgradeCheck = 1500;
				TargetAttributes = {
					DB4F1C9A2AF3AE150086DFD5 = {
						CreatedOnToolsVersion = 15.0.1;
					};
					DB4F1CB02AF3AE160086DFD5 = {
						CreatedOnToolsVersion = 15.0.1;
						TestTargetID = DB4F1C9A2AF3AE150086DFD5;
					};
					DB4F1CBA2AF3AE160086DFD5 = {
						CreatedOnToolsVersion = 15.0.1;
						TestTargetID = DB4F1C9A2AF3AE150086DFD5;
					};
				};
			};
			buildConfigurationList = DB4F1C962AF3AE150086DFD5 /* Build configuration list for PBXProject "OzinsheDemo" */;
			compatibilityVersion = "Xcode 14.0";
			developmentRegion = en;
			hasScannedForEncodings = 0;
			knownRegions = (
				en,
				Base,
				ru,
				kk,
			);
			mainGroup = DB4F1C922AF3AE150086DFD5;
			productRefGroup = DB4F1C9C2AF3AE150086DFD5 /* Products */;
			projectDirPath = "";
			projectRoot = "";
			targets = (
				DB4F1C9A2AF3AE150086DFD5 /* OzinsheDemo */,
				DB4F1CB02AF3AE160086DFD5 /* OzinsheDemoTests */,
				DB4F1CBA2AF3AE160086DFD5 /* OzinsheDemoUITests */,
			);
		};
/* End PBXProject section */

/* Begin PBXResourcesBuildPhase section */
		DB4F1C992AF3AE150086DFD5 /* Resources */ = {
			isa = PBXResourcesBuildPhase;
			buildActionMask = 2147483647;
			files = (
				DBF780C92B077016005DA017 /* SF-Pro-Display-Semibold.otf in Resources */,
				DB4F1CAB2AF3AE160086DFD5 /* LaunchScreen.storyboard in Resources */,
				DB4F1CA82AF3AE160086DFD5 /* Assets.xcassets in Resources */,
				DBF780C72B077016005DA017 /* SF-Pro-Display-Bold.otf in Resources */,
				DB4F1CA62AF3AE150086DFD5 /* Main.storyboard in Resources */,
				DB945CA32B2B1FA0007C57BD /* Localizable.strings in Resources */,
				DBF780CA2B077016005DA017 /* SF-Pro-Display-Regular.otf in Resources */,
				DBF780C82B077016005DA017 /* SF-Pro-Display-Medium.otf in Resources */,
			);
			runOnlyForDeploymentPostprocessing = 0;
		};
		DB4F1CAF2AF3AE160086DFD5 /* Resources */ = {
			isa = PBXResourcesBuildPhase;
			buildActionMask = 2147483647;
			files = (
			);
			runOnlyForDeploymentPostprocessing = 0;
		};
		DB4F1CB92AF3AE160086DFD5 /* Resources */ = {
			isa = PBXResourcesBuildPhase;
			buildActionMask = 2147483647;
			files = (
			);
			runOnlyForDeploymentPostprocessing = 0;
		};
/* End PBXResourcesBuildPhase section */

/* Begin PBXShellScriptBuildPhase section */
		12AF73EE0747CA1A41E7F8B8 /* [CP] Embed Pods Frameworks */ = {
			isa = PBXShellScriptBuildPhase;
			buildActionMask = 2147483647;
			files = (
			);
			inputFileListPaths = (
				"${PODS_ROOT}/Target Support Files/Pods-OzinsheDemo-OzinsheDemoUITests/Pods-OzinsheDemo-OzinsheDemoUITests-frameworks-${CONFIGURATION}-input-files.xcfilelist",
			);
			name = "[CP] Embed Pods Frameworks";
			outputFileListPaths = (
				"${PODS_ROOT}/Target Support Files/Pods-OzinsheDemo-OzinsheDemoUITests/Pods-OzinsheDemo-OzinsheDemoUITests-frameworks-${CONFIGURATION}-output-files.xcfilelist",
			);
			runOnlyForDeploymentPostprocessing = 0;
			shellPath = /bin/sh;
			shellScript = "\"${PODS_ROOT}/Target Support Files/Pods-OzinsheDemo-OzinsheDemoUITests/Pods-OzinsheDemo-OzinsheDemoUITests-frameworks.sh\"\n";
			showEnvVarsInLog = 0;
		};
		2E9107A8D0D447DBD6C2FBC2 /* [CP] Embed Pods Frameworks */ = {
			isa = PBXShellScriptBuildPhase;
			buildActionMask = 2147483647;
			files = (
			);
			inputFileListPaths = (
				"${PODS_ROOT}/Target Support Files/Pods-OzinsheDemo/Pods-OzinsheDemo-frameworks-${CONFIGURATION}-input-files.xcfilelist",
			);
			name = "[CP] Embed Pods Frameworks";
			outputFileListPaths = (
				"${PODS_ROOT}/Target Support Files/Pods-OzinsheDemo/Pods-OzinsheDemo-frameworks-${CONFIGURATION}-output-files.xcfilelist",
			);
			runOnlyForDeploymentPostprocessing = 0;
			shellPath = /bin/sh;
			shellScript = "\"${PODS_ROOT}/Target Support Files/Pods-OzinsheDemo/Pods-OzinsheDemo-frameworks.sh\"\n";
			showEnvVarsInLog = 0;
		};
		8FCD773793FA252272682C53 /* [CP] Check Pods Manifest.lock */ = {
			isa = PBXShellScriptBuildPhase;
			buildActionMask = 2147483647;
			files = (
			);
			inputFileListPaths = (
			);
			inputPaths = (
				"${PODS_PODFILE_DIR_PATH}/Podfile.lock",
				"${PODS_ROOT}/Manifest.lock",
			);
			name = "[CP] Check Pods Manifest.lock";
			outputFileListPaths = (
			);
			outputPaths = (
				"$(DERIVED_FILE_DIR)/Pods-OzinsheDemoTests-checkManifestLockResult.txt",
			);
			runOnlyForDeploymentPostprocessing = 0;
			shellPath = /bin/sh;
			shellScript = "diff \"${PODS_PODFILE_DIR_PATH}/Podfile.lock\" \"${PODS_ROOT}/Manifest.lock\" > /dev/null\nif [ $? != 0 ] ; then\n    # print error to STDERR\n    echo \"error: The sandbox is not in sync with the Podfile.lock. Run 'pod install' or update your CocoaPods installation.\" >&2\n    exit 1\nfi\n# This output is used by Xcode 'outputs' to avoid re-running this script phase.\necho \"SUCCESS\" > \"${SCRIPT_OUTPUT_FILE_0}\"\n";
			showEnvVarsInLog = 0;
		};
		C5285E25A73CB6B8DF75425A /* [CP] Check Pods Manifest.lock */ = {
			isa = PBXShellScriptBuildPhase;
			buildActionMask = 2147483647;
			files = (
			);
			inputFileListPaths = (
			);
			inputPaths = (
				"${PODS_PODFILE_DIR_PATH}/Podfile.lock",
				"${PODS_ROOT}/Manifest.lock",
			);
			name = "[CP] Check Pods Manifest.lock";
			outputFileListPaths = (
			);
			outputPaths = (
				"$(DERIVED_FILE_DIR)/Pods-OzinsheDemo-OzinsheDemoUITests-checkManifestLockResult.txt",
			);
			runOnlyForDeploymentPostprocessing = 0;
			shellPath = /bin/sh;
			shellScript = "diff \"${PODS_PODFILE_DIR_PATH}/Podfile.lock\" \"${PODS_ROOT}/Manifest.lock\" > /dev/null\nif [ $? != 0 ] ; then\n    # print error to STDERR\n    echo \"error: The sandbox is not in sync with the Podfile.lock. Run 'pod install' or update your CocoaPods installation.\" >&2\n    exit 1\nfi\n# This output is used by Xcode 'outputs' to avoid re-running this script phase.\necho \"SUCCESS\" > \"${SCRIPT_OUTPUT_FILE_0}\"\n";
			showEnvVarsInLog = 0;
		};
		F53D4E51E89E540E2EA3B965 /* [CP] Check Pods Manifest.lock */ = {
			isa = PBXShellScriptBuildPhase;
			buildActionMask = 2147483647;
			files = (
			);
			inputFileListPaths = (
			);
			inputPaths = (
				"${PODS_PODFILE_DIR_PATH}/Podfile.lock",
				"${PODS_ROOT}/Manifest.lock",
			);
			name = "[CP] Check Pods Manifest.lock";
			outputFileListPaths = (
			);
			outputPaths = (
				"$(DERIVED_FILE_DIR)/Pods-OzinsheDemo-checkManifestLockResult.txt",
			);
			runOnlyForDeploymentPostprocessing = 0;
			shellPath = /bin/sh;
			shellScript = "diff \"${PODS_PODFILE_DIR_PATH}/Podfile.lock\" \"${PODS_ROOT}/Manifest.lock\" > /dev/null\nif [ $? != 0 ] ; then\n    # print error to STDERR\n    echo \"error: The sandbox is not in sync with the Podfile.lock. Run 'pod install' or update your CocoaPods installation.\" >&2\n    exit 1\nfi\n# This output is used by Xcode 'outputs' to avoid re-running this script phase.\necho \"SUCCESS\" > \"${SCRIPT_OUTPUT_FILE_0}\"\n";
			showEnvVarsInLog = 0;
		};
/* End PBXShellScriptBuildPhase section */

/* Begin PBXSourcesBuildPhase section */
		DB4F1C972AF3AE150086DFD5 /* Sources */ = {
			isa = PBXSourcesBuildPhase;
			buildActionMask = 2147483647;
			files = (
				DBF780CD2B0D1D5B005DA017 /* FavoriteTableViewController.swift in Sources */,
				DB4F1CA32AF3AE150086DFD5 /* ViewController.swift in Sources */,
				DB945CAB2B2C7A39007C57BD /* LanguageViewController.swift in Sources */,
				DBF780CF2B0D1E7F005DA017 /* MovieTableViewCell.swift in Sources */,
				DBF780BD2B074BE2005DA017 /* TabBarController.swift in Sources */,
				DB945CA92B2C6F19007C57BD /* ProfileViewController.swift in Sources */,
				DB4F1C9F2AF3AE150086DFD5 /* AppDelegate.swift in Sources */,
				DB4362692B30630B00285B5A /* Enums.swift in Sources */,
				DB4F1CA12AF3AE150086DFD5 /* SceneDelegate.swift in Sources */,
			);
			runOnlyForDeploymentPostprocessing = 0;
		};
		DB4F1CAD2AF3AE160086DFD5 /* Sources */ = {
			isa = PBXSourcesBuildPhase;
			buildActionMask = 2147483647;
			files = (
				DB4F1CB62AF3AE160086DFD5 /* OzinsheDemoTests.swift in Sources */,
			);
			runOnlyForDeploymentPostprocessing = 0;
		};
		DB4F1CB72AF3AE160086DFD5 /* Sources */ = {
			isa = PBXSourcesBuildPhase;
			buildActionMask = 2147483647;
			files = (
				DB4F1CC22AF3AE160086DFD5 /* OzinsheDemoUITestsLaunchTests.swift in Sources */,
				DB4F1CC02AF3AE160086DFD5 /* OzinsheDemoUITests.swift in Sources */,
			);
			runOnlyForDeploymentPostprocessing = 0;
		};
/* End PBXSourcesBuildPhase section */

/* Begin PBXTargetDependency section */
		DB4F1CB32AF3AE160086DFD5 /* PBXTargetDependency */ = {
			isa = PBXTargetDependency;
			target = DB4F1C9A2AF3AE150086DFD5 /* OzinsheDemo */;
			targetProxy = DB4F1CB22AF3AE160086DFD5 /* PBXContainerItemProxy */;
		};
		DB4F1CBD2AF3AE160086DFD5 /* PBXTargetDependency */ = {
			isa = PBXTargetDependency;
			target = DB4F1C9A2AF3AE150086DFD5 /* OzinsheDemo */;
			targetProxy = DB4F1CBC2AF3AE160086DFD5 /* PBXContainerItemProxy */;
		};
/* End PBXTargetDependency section */

/* Begin PBXVariantGroup section */
		DB4F1CA42AF3AE150086DFD5 /* Main.storyboard */ = {
			isa = PBXVariantGroup;
			children = (
				DB4F1CA52AF3AE150086DFD5 /* Base */,
			);
			name = Main.storyboard;
			sourceTree = "<group>";
		};
		DB4F1CA92AF3AE160086DFD5 /* LaunchScreen.storyboard */ = {
			isa = PBXVariantGroup;
			children = (
				DB4F1CAA2AF3AE160086DFD5 /* Base */,
			);
			name = LaunchScreen.storyboard;
			sourceTree = "<group>";
		};
		DB945CA52B2B1FA0007C57BD /* Localizable.strings */ = {
			isa = PBXVariantGroup;
			children = (
				DB945CA42B2B1FA0007C57BD /* en */,
				DB945CA62B2B1FEE007C57BD /* ru */,
				DB945CA72B2B2051007C57BD /* kk */,
			);
			name = Localizable.strings;
			sourceTree = "<group>";
		};
/* End PBXVariantGroup section */

/* Begin XCBuildConfiguration section */
		DB4F1CC32AF3AE160086DFD5 /* Debug */ = {
			isa = XCBuildConfiguration;
			buildSettings = {
				ALWAYS_SEARCH_USER_PATHS = NO;
				ASSETCATALOG_COMPILER_GENERATE_SWIFT_ASSET_SYMBOL_EXTENSIONS = YES;
				CLANG_ANALYZER_LOCALIZABILITY_NONLOCALIZED = YES;
				CLANG_ANALYZER_NONNULL = YES;
				CLANG_ANALYZER_NUMBER_OBJECT_CONVERSION = YES_AGGRESSIVE;
				CLANG_CXX_LANGUAGE_STANDARD = "gnu++20";
				CLANG_ENABLE_MODULES = YES;
				CLANG_ENABLE_OBJC_ARC = YES;
				CLANG_ENABLE_OBJC_WEAK = YES;
				CLANG_WARN_BLOCK_CAPTURE_AUTORELEASING = YES;
				CLANG_WARN_BOOL_CONVERSION = YES;
				CLANG_WARN_COMMA = YES;
				CLANG_WARN_CONSTANT_CONVERSION = YES;
				CLANG_WARN_DEPRECATED_OBJC_IMPLEMENTATIONS = YES;
				CLANG_WARN_DIRECT_OBJC_ISA_USAGE = YES_ERROR;
				CLANG_WARN_DOCUMENTATION_COMMENTS = YES;
				CLANG_WARN_EMPTY_BODY = YES;
				CLANG_WARN_ENUM_CONVERSION = YES;
				CLANG_WARN_INFINITE_RECURSION = YES;
				CLANG_WARN_INT_CONVERSION = YES;
				CLANG_WARN_NON_LITERAL_NULL_CONVERSION = YES;
				CLANG_WARN_OBJC_IMPLICIT_RETAIN_SELF = YES;
				CLANG_WARN_OBJC_LITERAL_CONVERSION = YES;
				CLANG_WARN_OBJC_ROOT_CLASS = YES_ERROR;
				CLANG_WARN_QUOTED_INCLUDE_IN_FRAMEWORK_HEADER = YES;
				CLANG_WARN_RANGE_LOOP_ANALYSIS = YES;
				CLANG_WARN_STRICT_PROTOTYPES = YES;
				CLANG_WARN_SUSPICIOUS_MOVE = YES;
				CLANG_WARN_UNGUARDED_AVAILABILITY = YES_AGGRESSIVE;
				CLANG_WARN_UNREACHABLE_CODE = YES;
				CLANG_WARN__DUPLICATE_METHOD_MATCH = YES;
				COPY_PHASE_STRIP = NO;
				DEBUG_INFORMATION_FORMAT = dwarf;
				ENABLE_STRICT_OBJC_MSGSEND = YES;
				ENABLE_TESTABILITY = YES;
				ENABLE_USER_SCRIPT_SANDBOXING = NO;
				GCC_C_LANGUAGE_STANDARD = gnu17;
				GCC_DYNAMIC_NO_PIC = NO;
				GCC_NO_COMMON_BLOCKS = YES;
				GCC_OPTIMIZATION_LEVEL = 0;
				GCC_PREPROCESSOR_DEFINITIONS = (
					"DEBUG=1",
					"$(inherited)",
				);
				GCC_WARN_64_TO_32_BIT_CONVERSION = YES;
				GCC_WARN_ABOUT_RETURN_TYPE = YES_ERROR;
				GCC_WARN_UNDECLARED_SELECTOR = YES;
				GCC_WARN_UNINITIALIZED_AUTOS = YES_AGGRESSIVE;
				GCC_WARN_UNUSED_FUNCTION = YES;
				GCC_WARN_UNUSED_VARIABLE = YES;
				IPHONEOS_DEPLOYMENT_TARGET = 16.0;
				LOCALIZATION_PREFERS_STRING_CATALOGS = YES;
				MTL_ENABLE_DEBUG_INFO = INCLUDE_SOURCE;
				MTL_FAST_MATH = YES;
				ONLY_ACTIVE_ARCH = YES;
				SDKROOT = iphoneos;
				SWIFT_ACTIVE_COMPILATION_CONDITIONS = "DEBUG $(inherited)";
				SWIFT_OPTIMIZATION_LEVEL = "-Onone";
			};
			name = Debug;
		};
		DB4F1CC42AF3AE160086DFD5 /* Release */ = {
			isa = XCBuildConfiguration;
			buildSettings = {
				ALWAYS_SEARCH_USER_PATHS = NO;
				ASSETCATALOG_COMPILER_GENERATE_SWIFT_ASSET_SYMBOL_EXTENSIONS = YES;
				CLANG_ANALYZER_LOCALIZABILITY_NONLOCALIZED = YES;
				CLANG_ANALYZER_NONNULL = YES;
				CLANG_ANALYZER_NUMBER_OBJECT_CONVERSION = YES_AGGRESSIVE;
				CLANG_CXX_LANGUAGE_STANDARD = "gnu++20";
				CLANG_ENABLE_MODULES = YES;
				CLANG_ENABLE_OBJC_ARC = YES;
				CLANG_ENABLE_OBJC_WEAK = YES;
				CLANG_WARN_BLOCK_CAPTURE_AUTORELEASING = YES;
				CLANG_WARN_BOOL_CONVERSION = YES;
				CLANG_WARN_COMMA = YES;
				CLANG_WARN_CONSTANT_CONVERSION = YES;
				CLANG_WARN_DEPRECATED_OBJC_IMPLEMENTATIONS = YES;
				CLANG_WARN_DIRECT_OBJC_ISA_USAGE = YES_ERROR;
				CLANG_WARN_DOCUMENTATION_COMMENTS = YES;
				CLANG_WARN_EMPTY_BODY = YES;
				CLANG_WARN_ENUM_CONVERSION = YES;
				CLANG_WARN_INFINITE_RECURSION = YES;
				CLANG_WARN_INT_CONVERSION = YES;
				CLANG_WARN_NON_LITERAL_NULL_CONVERSION = YES;
				CLANG_WARN_OBJC_IMPLICIT_RETAIN_SELF = YES;
				CLANG_WARN_OBJC_LITERAL_CONVERSION = YES;
				CLANG_WARN_OBJC_ROOT_CLASS = YES_ERROR;
				CLANG_WARN_QUOTED_INCLUDE_IN_FRAMEWORK_HEADER = YES;
				CLANG_WARN_RANGE_LOOP_ANALYSIS = YES;
				CLANG_WARN_STRICT_PROTOTYPES = YES;
				CLANG_WARN_SUSPICIOUS_MOVE = YES;
				CLANG_WARN_UNGUARDED_AVAILABILITY = YES_AGGRESSIVE;
				CLANG_WARN_UNREACHABLE_CODE = YES;
				CLANG_WARN__DUPLICATE_METHOD_MATCH = YES;
				COPY_PHASE_STRIP = NO;
				DEBUG_INFORMATION_FORMAT = "dwarf-with-dsym";
				ENABLE_NS_ASSERTIONS = NO;
				ENABLE_STRICT_OBJC_MSGSEND = YES;
				ENABLE_USER_SCRIPT_SANDBOXING = NO;
				GCC_C_LANGUAGE_STANDARD = gnu17;
				GCC_NO_COMMON_BLOCKS = YES;
				GCC_WARN_64_TO_32_BIT_CONVERSION = YES;
				GCC_WARN_ABOUT_RETURN_TYPE = YES_ERROR;
				GCC_WARN_UNDECLARED_SELECTOR = YES;
				GCC_WARN_UNINITIALIZED_AUTOS = YES_AGGRESSIVE;
				GCC_WARN_UNUSED_FUNCTION = YES;
				GCC_WARN_UNUSED_VARIABLE = YES;
				IPHONEOS_DEPLOYMENT_TARGET = 16.0;
				LOCALIZATION_PREFERS_STRING_CATALOGS = YES;
				MTL_ENABLE_DEBUG_INFO = NO;
				MTL_FAST_MATH = YES;
				SDKROOT = iphoneos;
				SWIFT_COMPILATION_MODE = wholemodule;
				VALIDATE_PRODUCT = YES;
			};
			name = Release;
		};
		DB4F1CC62AF3AE160086DFD5 /* Debug */ = {
			isa = XCBuildConfiguration;
			baseConfigurationReference = E31423FD37049321AA2437F4 /* Pods-OzinsheDemo.debug.xcconfig */;
			buildSettings = {
				ASSETCATALOG_COMPILER_APPICON_NAME = AppIcon;
				ASSETCATALOG_COMPILER_GLOBAL_ACCENT_COLOR_NAME = AccentColor;
				CODE_SIGN_STYLE = Automatic;
				CURRENT_PROJECT_VERSION = 1;
				GENERATE_INFOPLIST_FILE = YES;
				INFOPLIST_FILE = OzinsheDemo/Info.plist;
				INFOPLIST_KEY_UIApplicationSupportsIndirectInputEvents = YES;
				INFOPLIST_KEY_UILaunchStoryboardName = LaunchScreen;
				INFOPLIST_KEY_UIMainStoryboardFile = Main;
				INFOPLIST_KEY_UISupportedInterfaceOrientations_iPad = "UIInterfaceOrientationPortrait UIInterfaceOrientationPortraitUpsideDown UIInterfaceOrientationLandscapeLeft UIInterfaceOrientationLandscapeRight";
				INFOPLIST_KEY_UISupportedInterfaceOrientations_iPhone = "UIInterfaceOrientationPortrait UIInterfaceOrientationLandscapeLeft UIInterfaceOrientationLandscapeRight";
				IPHONEOS_DEPLOYMENT_TARGET = 16.0;
				LD_RUNPATH_SEARCH_PATHS = (
					"$(inherited)",
					"@executable_path/Frameworks",
				);
				MARKETING_VERSION = 1.0;
				PRODUCT_BUNDLE_IDENTIFIER = Aset.OzinsheDemo;
				PRODUCT_NAME = "$(TARGET_NAME)";
				SWIFT_EMIT_LOC_STRINGS = YES;
				SWIFT_VERSION = 5.0;
				TARGETED_DEVICE_FAMILY = "1,2";
			};
			name = Debug;
		};
		DB4F1CC72AF3AE160086DFD5 /* Release */ = {
			isa = XCBuildConfiguration;
			baseConfigurationReference = 8D1A8C4632A91D247DA4E0D3 /* Pods-OzinsheDemo.release.xcconfig */;
			buildSettings = {
				ASSETCATALOG_COMPILER_APPICON_NAME = AppIcon;
				ASSETCATALOG_COMPILER_GLOBAL_ACCENT_COLOR_NAME = AccentColor;
				CODE_SIGN_STYLE = Automatic;
				CURRENT_PROJECT_VERSION = 1;
				GENERATE_INFOPLIST_FILE = YES;
				INFOPLIST_FILE = OzinsheDemo/Info.plist;
				INFOPLIST_KEY_UIApplicationSupportsIndirectInputEvents = YES;
				INFOPLIST_KEY_UILaunchStoryboardName = LaunchScreen;
				INFOPLIST_KEY_UIMainStoryboardFile = Main;
				INFOPLIST_KEY_UISupportedInterfaceOrientations_iPad = "UIInterfaceOrientationPortrait UIInterfaceOrientationPortraitUpsideDown UIInterfaceOrientationLandscapeLeft UIInterfaceOrientationLandscapeRight";
				INFOPLIST_KEY_UISupportedInterfaceOrientations_iPhone = "UIInterfaceOrientationPortrait UIInterfaceOrientationLandscapeLeft UIInterfaceOrientationLandscapeRight";
				IPHONEOS_DEPLOYMENT_TARGET = 16.0;
				LD_RUNPATH_SEARCH_PATHS = (
					"$(inherited)",
					"@executable_path/Frameworks",
				);
				MARKETING_VERSION = 1.0;
				PRODUCT_BUNDLE_IDENTIFIER = Aset.OzinsheDemo;
				PRODUCT_NAME = "$(TARGET_NAME)";
				SWIFT_EMIT_LOC_STRINGS = YES;
				SWIFT_VERSION = 5.0;
				TARGETED_DEVICE_FAMILY = "1,2";
			};
			name = Release;
		};
		DB4F1CC92AF3AE160086DFD5 /* Debug */ = {
			isa = XCBuildConfiguration;
			baseConfigurationReference = 7E632C1E3421F62741FBDE60 /* Pods-OzinsheDemoTests.debug.xcconfig */;
			buildSettings = {
				ALWAYS_EMBED_SWIFT_STANDARD_LIBRARIES = YES;
				BUNDLE_LOADER = "$(TEST_HOST)";
				CODE_SIGN_STYLE = Automatic;
				CURRENT_PROJECT_VERSION = 1;
				GENERATE_INFOPLIST_FILE = YES;
				IPHONEOS_DEPLOYMENT_TARGET = 17.0;
				MARKETING_VERSION = 1.0;
				PRODUCT_BUNDLE_IDENTIFIER = Aset.OzinsheDemoTests;
				PRODUCT_NAME = "$(TARGET_NAME)";
				SWIFT_EMIT_LOC_STRINGS = NO;
				SWIFT_VERSION = 5.0;
				TARGETED_DEVICE_FAMILY = "1,2";
				TEST_HOST = "$(BUILT_PRODUCTS_DIR)/OzinsheDemo.app/$(BUNDLE_EXECUTABLE_FOLDER_PATH)/OzinsheDemo";
			};
			name = Debug;
		};
		DB4F1CCA2AF3AE160086DFD5 /* Release */ = {
			isa = XCBuildConfiguration;
			baseConfigurationReference = 5C6712D23BF0B1AA2C575262 /* Pods-OzinsheDemoTests.release.xcconfig */;
			buildSettings = {
				ALWAYS_EMBED_SWIFT_STANDARD_LIBRARIES = YES;
				BUNDLE_LOADER = "$(TEST_HOST)";
				CODE_SIGN_STYLE = Automatic;
				CURRENT_PROJECT_VERSION = 1;
				GENERATE_INFOPLIST_FILE = YES;
				IPHONEOS_DEPLOYMENT_TARGET = 17.0;
				MARKETING_VERSION = 1.0;
				PRODUCT_BUNDLE_IDENTIFIER = Aset.OzinsheDemoTests;
				PRODUCT_NAME = "$(TARGET_NAME)";
				SWIFT_EMIT_LOC_STRINGS = NO;
				SWIFT_VERSION = 5.0;
				TARGETED_DEVICE_FAMILY = "1,2";
				TEST_HOST = "$(BUILT_PRODUCTS_DIR)/OzinsheDemo.app/$(BUNDLE_EXECUTABLE_FOLDER_PATH)/OzinsheDemo";
			};
			name = Release;
		};
		DB4F1CCC2AF3AE160086DFD5 /* Debug */ = {
			isa = XCBuildConfiguration;
			baseConfigurationReference = 75B4743592C7C9EAC3FF162F /* Pods-OzinsheDemo-OzinsheDemoUITests.debug.xcconfig */;
			buildSettings = {
				ALWAYS_EMBED_SWIFT_STANDARD_LIBRARIES = YES;
				CODE_SIGN_STYLE = Automatic;
				CURRENT_PROJECT_VERSION = 1;
				GENERATE_INFOPLIST_FILE = YES;
				MARKETING_VERSION = 1.0;
				PRODUCT_BUNDLE_IDENTIFIER = Aset.OzinsheDemoUITests;
				PRODUCT_NAME = "$(TARGET_NAME)";
				SWIFT_EMIT_LOC_STRINGS = NO;
				SWIFT_VERSION = 5.0;
				TARGETED_DEVICE_FAMILY = "1,2";
				TEST_TARGET_NAME = OzinsheDemo;
			};
			name = Debug;
		};
		DB4F1CCD2AF3AE160086DFD5 /* Release */ = {
			isa = XCBuildConfiguration;
			baseConfigurationReference = 7E06FB8E67EC2AB1EF699561 /* Pods-OzinsheDemo-OzinsheDemoUITests.release.xcconfig */;
			buildSettings = {
				ALWAYS_EMBED_SWIFT_STANDARD_LIBRARIES = YES;
				CODE_SIGN_STYLE = Automatic;
				CURRENT_PROJECT_VERSION = 1;
				GENERATE_INFOPLIST_FILE = YES;
				MARKETING_VERSION = 1.0;
				PRODUCT_BUNDLE_IDENTIFIER = Aset.OzinsheDemoUITests;
				PRODUCT_NAME = "$(TARGET_NAME)";
				SWIFT_EMIT_LOC_STRINGS = NO;
				SWIFT_VERSION = 5.0;
				TARGETED_DEVICE_FAMILY = "1,2";
				TEST_TARGET_NAME = OzinsheDemo;
			};
			name = Release;
		};
/* End XCBuildConfiguration section */

/* Begin XCConfigurationList section */
		DB4F1C962AF3AE150086DFD5 /* Build configuration list for PBXProject "OzinsheDemo" */ = {
			isa = XCConfigurationList;
			buildConfigurations = (
				DB4F1CC32AF3AE160086DFD5 /* Debug */,
				DB4F1CC42AF3AE160086DFD5 /* Release */,
			);
			defaultConfigurationIsVisible = 0;
			defaultConfigurationName = Release;
		};
		DB4F1CC52AF3AE160086DFD5 /* Build configuration list for PBXNativeTarget "OzinsheDemo" */ = {
			isa = XCConfigurationList;
			buildConfigurations = (
				DB4F1CC62AF3AE160086DFD5 /* Debug */,
				DB4F1CC72AF3AE160086DFD5 /* Release */,
			);
			defaultConfigurationIsVisible = 0;
			defaultConfigurationName = Release;
		};
		DB4F1CC82AF3AE160086DFD5 /* Build configuration list for PBXNativeTarget "OzinsheDemoTests" */ = {
			isa = XCConfigurationList;
			buildConfigurations = (
				DB4F1CC92AF3AE160086DFD5 /* Debug */,
				DB4F1CCA2AF3AE160086DFD5 /* Release */,
			);
			defaultConfigurationIsVisible = 0;
			defaultConfigurationName = Release;
		};
		DB4F1CCB2AF3AE160086DFD5 /* Build configuration list for PBXNativeTarget "OzinsheDemoUITests" */ = {
			isa = XCConfigurationList;
			buildConfigurations = (
				DB4F1CCC2AF3AE160086DFD5 /* Debug */,
				DB4F1CCD2AF3AE160086DFD5 /* Release */,
			);
			defaultConfigurationIsVisible = 0;
			defaultConfigurationName = Release;
		};
/* End XCConfigurationList section */
	};
	rootObject = DB4F1C932AF3AE150086DFD5 /* Project object */;
}
