// !$*UTF8*$!
{
	archiveVersion = 1;
	classes = {
	};
	objectVersion = 56;
	objects = {

/* Begin PBXBuildFile section */
		0A507A1707F63798A028F83C /* Pods_OzinsheDemo_OzinsheDemoUITests.framework in Frameworks */ = {isa = PBXBuildFile; fileRef = 6F8F3D98F772DB9A8E1A5227 /* Pods_OzinsheDemo_OzinsheDemoUITests.framework */; };
		28B8C20CF74B1A4AFDC8FB87 /* Pods_OzinsheDemo.framework in Frameworks */ = {isa = PBXBuildFile; fileRef = 6EE068BA3B0029A4C70EFA71 /* Pods_OzinsheDemo.framework */; };
		DA65A7287DAFA92AFB83A235 /* Pods_OzinsheDemoTests.framework in Frameworks */ = {isa = PBXBuildFile; fileRef = 35D3EBD2B9601A46A32F9E7A /* Pods_OzinsheDemoTests.framework */; };
		DB0D77CA2B4FC960001E8BF7 /* CategoryTableViewController.swift in Sources */ = {isa = PBXBuildFile; fileRef = DB0D77C92B4FC960001E8BF7 /* CategoryTableViewController.swift */; };
		DB0FEA1B2B48271B0075614C /* URLs.swift in Sources */ = {isa = PBXBuildFile; fileRef = DB0FEA1A2B48271B0075614C /* URLs.swift */; };
		DB0FEA1D2B482D370075614C /* Storage.swift in Sources */ = {isa = PBXBuildFile; fileRef = DB0FEA1C2B482D370075614C /* Storage.swift */; };
		DB0FEA1F2B4AAB0C0075614C /* RegisterViewController.swift in Sources */ = {isa = PBXBuildFile; fileRef = DB0FEA1E2B4AAB0C0075614C /* RegisterViewController.swift */; };
		DB0FEA212B4C018F0075614C /* Movie.swift in Sources */ = {isa = PBXBuildFile; fileRef = DB0FEA202B4C018F0075614C /* Movie.swift */; };
		DB0FEA232B4C045F0075614C /* Screenshot.swift in Sources */ = {isa = PBXBuildFile; fileRef = DB0FEA222B4C045F0075614C /* Screenshot.swift */; };
		DB0FEA252B4C04DC0075614C /* CategoryAge.swift in Sources */ = {isa = PBXBuildFile; fileRef = DB0FEA242B4C04DC0075614C /* CategoryAge.swift */; };
		DB0FEA272B4C059E0075614C /* Genres.swift in Sources */ = {isa = PBXBuildFile; fileRef = DB0FEA262B4C059E0075614C /* Genres.swift */; };
		DB0FEA292B4C060A0075614C /* Category.swift in Sources */ = {isa = PBXBuildFile; fileRef = DB0FEA282B4C060A0075614C /* Category.swift */; };
		DB1997D12B59182500344560 /* BannerMovie.swift in Sources */ = {isa = PBXBuildFile; fileRef = DB1997D02B59182500344560 /* BannerMovie.swift */; };
		DB1997D32B591AE400344560 /* MainBannerTableViewCell.swift in Sources */ = {isa = PBXBuildFile; fileRef = DB1997D22B591AE400344560 /* MainBannerTableViewCell.swift */; };
		DB1997D52B591D2500344560 /* BannerCollectionViewCell.swift in Sources */ = {isa = PBXBuildFile; fileRef = DB1997D42B591D2500344560 /* BannerCollectionViewCell.swift */; };
		DB1997D72B59260900344560 /* HistoryTableViewCell.swift in Sources */ = {isa = PBXBuildFile; fileRef = DB1997D62B59260900344560 /* HistoryTableViewCell.swift */; };
		DB1997D92B5929CC00344560 /* GenreAgeTableViewCell.swift in Sources */ = {isa = PBXBuildFile; fileRef = DB1997D82B5929CC00344560 /* GenreAgeTableViewCell.swift */; };
		DB2AFAB02B638D9D00884BA6 /* MovieInfoViewController.swift in Sources */ = {isa = PBXBuildFile; fileRef = DB2AFAAF2B638D9D00884BA6 /* MovieInfoViewController.swift */; };
		DB2AFAB52B638E5300884BA6 /* SeasonsSeriesViewController.swift in Sources */ = {isa = PBXBuildFile; fileRef = DB2AFAB42B638E5300884BA6 /* SeasonsSeriesViewController.swift */; };
		DB2AFAB72B63CECC00884BA6 /* Season.swift in Sources */ = {isa = PBXBuildFile; fileRef = DB2AFAB62B63CECC00884BA6 /* Season.swift */; };
		DB3D42DD2B624A710017C137 /* GradientView.swift in Sources */ = {isa = PBXBuildFile; fileRef = DB3D42DC2B624A710017C137 /* GradientView.swift */; };
		DB4094C02B35FB6D0001B505 /* UIViewController + Extensions.swift in Sources */ = {isa = PBXBuildFile; fileRef = DB4094BF2B35FB6D0001B505 /* UIViewController + Extensions.swift */; };
		DB43626B2B31A18900285B5A /* ProfileEditViewController.swift in Sources */ = {isa = PBXBuildFile; fileRef = DB43626A2B31A18900285B5A /* ProfileEditViewController.swift */; };
		DB4CDBBD2B35AEAD007ECDBF /* LoginViewController.swift in Sources */ = {isa = PBXBuildFile; fileRef = DB4CDBBC2B35AEAD007ECDBF /* LoginViewController.swift */; };
		DB4F1C9F2AF3AE150086DFD5 /* AppDelegate.swift in Sources */ = {isa = PBXBuildFile; fileRef = DB4F1C9E2AF3AE150086DFD5 /* AppDelegate.swift */; };
		DB4F1CA12AF3AE150086DFD5 /* SceneDelegate.swift in Sources */ = {isa = PBXBuildFile; fileRef = DB4F1CA02AF3AE150086DFD5 /* SceneDelegate.swift */; };
		DB4F1CA62AF3AE150086DFD5 /* Main.storyboard in Resources */ = {isa = PBXBuildFile; fileRef = DB4F1CA42AF3AE150086DFD5 /* Main.storyboard */; };
		DB4F1CA82AF3AE160086DFD5 /* Assets.xcassets in Resources */ = {isa = PBXBuildFile; fileRef = DB4F1CA72AF3AE160086DFD5 /* Assets.xcassets */; };
		DB4F1CAB2AF3AE160086DFD5 /* LaunchScreen.storyboard in Resources */ = {isa = PBXBuildFile; fileRef = DB4F1CA92AF3AE160086DFD5 /* LaunchScreen.storyboard */; };
		DB4F1CB62AF3AE160086DFD5 /* OzinsheDemoTests.swift in Sources */ = {isa = PBXBuildFile; fileRef = DB4F1CB52AF3AE160086DFD5 /* OzinsheDemoTests.swift */; };
		DB4F1CC02AF3AE160086DFD5 /* OzinsheDemoUITests.swift in Sources */ = {isa = PBXBuildFile; fileRef = DB4F1CBF2AF3AE160086DFD5 /* OzinsheDemoUITests.swift */; };
		DB4F1CC22AF3AE160086DFD5 /* OzinsheDemoUITestsLaunchTests.swift in Sources */ = {isa = PBXBuildFile; fileRef = DB4F1CC12AF3AE160086DFD5 /* OzinsheDemoUITestsLaunchTests.swift */; };
		DB5C631A2B51354E00F78E8F /* MainMovies.swift in Sources */ = {isa = PBXBuildFile; fileRef = DB5C63192B51354E00F78E8F /* MainMovies.swift */; };
		DB61E14B2B6FFDA20045ACD8 /* ImageZoom.swift in Sources */ = {isa = PBXBuildFile; fileRef = DB61E14A2B6FFDA20045ACD8 /* ImageZoom.swift */; };
		DB64C7E02B713A9C0024C534 /* YouTubePlayerKit in Frameworks */ = {isa = PBXBuildFile; productRef = DB64C7DF2B713A9C0024C534 /* YouTubePlayerKit */; };
		DB79B45A2B6A6E6B00920575 /* ScreenshotsViewController.swift in Sources */ = {isa = PBXBuildFile; fileRef = DB79B4592B6A6E6B00920575 /* ScreenshotsViewController.swift */; };
		DB945CA32B2B1FA0007C57BD /* Localizable.strings in Resources */ = {isa = PBXBuildFile; fileRef = DB945CA52B2B1FA0007C57BD /* Localizable.strings */; };
		DB945CA92B2C6F19007C57BD /* ProfileViewController.swift in Sources */ = {isa = PBXBuildFile; fileRef = DB945CA82B2C6F19007C57BD /* ProfileViewController.swift */; };
		DB945CAB2B2C7A39007C57BD /* LanguageViewController.swift in Sources */ = {isa = PBXBuildFile; fileRef = DB945CAA2B2C7A39007C57BD /* LanguageViewController.swift */; };
		DBB4DC862B345A1400E6D192 /* LogoutViewController.swift in Sources */ = {isa = PBXBuildFile; fileRef = DBB4DC852B345A1400E6D192 /* LogoutViewController.swift */; };
		DBB4DC882B345F5500E6D192 /* ChangePasswordViewController.swift in Sources */ = {isa = PBXBuildFile; fileRef = DBB4DC872B345F5500E6D192 /* ChangePasswordViewController.swift */; };
		DBCA13412B613785009246E0 /* OnboardingViewController.swift in Sources */ = {isa = PBXBuildFile; fileRef = DBCA13402B613785009246E0 /* OnboardingViewController.swift */; };
		DBD51C612B55237F003BECC4 /* MainTableViewCell.swift in Sources */ = {isa = PBXBuildFile; fileRef = DBD51C602B55237F003BECC4 /* MainTableViewCell.swift */; };
		DBD51C632B5542F1003BECC4 /* MainPageViewController.swift in Sources */ = {isa = PBXBuildFile; fileRef = DBD51C622B5542F1003BECC4 /* MainPageViewController.swift */; };
		DBDA8AB72B4D62490020C9C6 /* User.swift in Sources */ = {isa = PBXBuildFile; fileRef = DBDA8AB62B4D62490020C9C6 /* User.swift */; };
		DBDA8AB92B4EA0E30020C9C6 /* MovieCell.xib in Resources */ = {isa = PBXBuildFile; fileRef = DBDA8AB82B4EA0E30020C9C6 /* MovieCell.xib */; };
		DBDA8ABC2B4EAF860020C9C6 /* SearchViewController.swift in Sources */ = {isa = PBXBuildFile; fileRef = DBDA8ABB2B4EAF860020C9C6 /* SearchViewController.swift */; };
		DBF5823C2B710E8C00F06DC3 /* ImageScrollView.swift in Sources */ = {isa = PBXBuildFile; fileRef = DBF5823B2B710E8C00F06DC3 /* ImageScrollView.swift */; };
		DBF780BD2B074BE2005DA017 /* TabBarController.swift in Sources */ = {isa = PBXBuildFile; fileRef = DBF780BC2B074BE2005DA017 /* TabBarController.swift */; };
		DBF780C72B077016005DA017 /* SF-Pro-Display-Bold.otf in Resources */ = {isa = PBXBuildFile; fileRef = DBF780C32B077016005DA017 /* SF-Pro-Display-Bold.otf */; };
		DBF780C82B077016005DA017 /* SF-Pro-Display-Medium.otf in Resources */ = {isa = PBXBuildFile; fileRef = DBF780C42B077016005DA017 /* SF-Pro-Display-Medium.otf */; };
		DBF780C92B077016005DA017 /* SF-Pro-Display-Semibold.otf in Resources */ = {isa = PBXBuildFile; fileRef = DBF780C52B077016005DA017 /* SF-Pro-Display-Semibold.otf */; };
		DBF780CA2B077016005DA017 /* SF-Pro-Display-Regular.otf in Resources */ = {isa = PBXBuildFile; fileRef = DBF780C62B077016005DA017 /* SF-Pro-Display-Regular.otf */; };
		DBF780CD2B0D1D5B005DA017 /* FavoriteTableViewController.swift in Sources */ = {isa = PBXBuildFile; fileRef = DBF780CC2B0D1D5B005DA017 /* FavoriteTableViewController.swift */; };
		DBF780CF2B0D1E7F005DA017 /* MovieTableViewCell.swift in Sources */ = {isa = PBXBuildFile; fileRef = DBF780CE2B0D1E7F005DA017 /* MovieTableViewCell.swift */; };
/* End PBXBuildFile section */

/* Begin PBXContainerItemProxy section */
		DB4F1CB22AF3AE160086DFD5 /* PBXContainerItemProxy */ = {
			isa = PBXContainerItemProxy;
			containerPortal = DB4F1C932AF3AE150086DFD5 /* Project object */;
			proxyType = 1;
			remoteGlobalIDString = DB4F1C9A2AF3AE150086DFD5;
			remoteInfo = OzinsheDemo;
		};
		DB4F1CBC2AF3AE160086DFD5 /* PBXContainerItemProxy */ = {
			isa = PBXContainerItemProxy;
			containerPortal = DB4F1C932AF3AE150086DFD5 /* Project object */;
			proxyType = 1;
			remoteGlobalIDString = DB4F1C9A2AF3AE150086DFD5;
			remoteInfo = OzinsheDemo;
		};
/* End PBXContainerItemProxy section */

/* Begin PBXFileReference section */
		35D3EBD2B9601A46A32F9E7A /* Pods_OzinsheDemoTests.framework */ = {isa = PBXFileReference; explicitFileType = wrapper.framework; includeInIndex = 0; path = Pods_OzinsheDemoTests.framework; sourceTree = BUILT_PRODUCTS_DIR; };
		5C6712D23BF0B1AA2C575262 /* Pods-OzinsheDemoTests.release.xcconfig */ = {isa = PBXFileReference; includeInIndex = 1; lastKnownFileType = text.xcconfig; name = "Pods-OzinsheDemoTests.release.xcconfig"; path = "Target Support Files/Pods-OzinsheDemoTests/Pods-OzinsheDemoTests.release.xcconfig"; sourceTree = "<group>"; };
		6EE068BA3B0029A4C70EFA71 /* Pods_OzinsheDemo.framework */ = {isa = PBXFileReference; explicitFileType = wrapper.framework; includeInIndex = 0; path = Pods_OzinsheDemo.framework; sourceTree = BUILT_PRODUCTS_DIR; };
		6F8F3D98F772DB9A8E1A5227 /* Pods_OzinsheDemo_OzinsheDemoUITests.framework */ = {isa = PBXFileReference; explicitFileType = wrapper.framework; includeInIndex = 0; path = Pods_OzinsheDemo_OzinsheDemoUITests.framework; sourceTree = BUILT_PRODUCTS_DIR; };
		75B4743592C7C9EAC3FF162F /* Pods-OzinsheDemo-OzinsheDemoUITests.debug.xcconfig */ = {isa = PBXFileReference; includeInIndex = 1; lastKnownFileType = text.xcconfig; name = "Pods-OzinsheDemo-OzinsheDemoUITests.debug.xcconfig"; path = "Target Support Files/Pods-OzinsheDemo-OzinsheDemoUITests/Pods-OzinsheDemo-OzinsheDemoUITests.debug.xcconfig"; sourceTree = "<group>"; };
		7E06FB8E67EC2AB1EF699561 /* Pods-OzinsheDemo-OzinsheDemoUITests.release.xcconfig */ = {isa = PBXFileReference; includeInIndex = 1; lastKnownFileType = text.xcconfig; name = "Pods-OzinsheDemo-OzinsheDemoUITests.release.xcconfig"; path = "Target Support Files/Pods-OzinsheDemo-OzinsheDemoUITests/Pods-OzinsheDemo-OzinsheDemoUITests.release.xcconfig"; sourceTree = "<group>"; };
		7E632C1E3421F62741FBDE60 /* Pods-OzinsheDemoTests.debug.xcconfig */ = {isa = PBXFileReference; includeInIndex = 1; lastKnownFileType = text.xcconfig; name = "Pods-OzinsheDemoTests.debug.xcconfig"; path = "Target Support Files/Pods-OzinsheDemoTests/Pods-OzinsheDemoTests.debug.xcconfig"; sourceTree = "<group>"; };
		8D1A8C4632A91D247DA4E0D3 /* Pods-OzinsheDemo.release.xcconfig */ = {isa = PBXFileReference; includeInIndex = 1; lastKnownFileType = text.xcconfig; name = "Pods-OzinsheDemo.release.xcconfig"; path = "Target Support Files/Pods-OzinsheDemo/Pods-OzinsheDemo.release.xcconfig"; sourceTree = "<group>"; };
		DB0D77C92B4FC960001E8BF7 /* CategoryTableViewController.swift */ = {isa = PBXFileReference; lastKnownFileType = sourcecode.swift; path = CategoryTableViewController.swift; sourceTree = "<group>"; };
		DB0FEA1A2B48271B0075614C /* URLs.swift */ = {isa = PBXFileReference; lastKnownFileType = sourcecode.swift; path = URLs.swift; sourceTree = "<group>"; };
		DB0FEA1C2B482D370075614C /* Storage.swift */ = {isa = PBXFileReference; lastKnownFileType = sourcecode.swift; path = Storage.swift; sourceTree = "<group>"; };
		DB0FEA1E2B4AAB0C0075614C /* RegisterViewController.swift */ = {isa = PBXFileReference; lastKnownFileType = sourcecode.swift; path = RegisterViewController.swift; sourceTree = "<group>"; };
		DB0FEA202B4C018F0075614C /* Movie.swift */ = {isa = PBXFileReference; lastKnownFileType = sourcecode.swift; path = Movie.swift; sourceTree = "<group>"; };
		DB0FEA222B4C045F0075614C /* Screenshot.swift */ = {isa = PBXFileReference; lastKnownFileType = sourcecode.swift; path = Screenshot.swift; sourceTree = "<group>"; };
		DB0FEA242B4C04DC0075614C /* CategoryAge.swift */ = {isa = PBXFileReference; lastKnownFileType = sourcecode.swift; path = CategoryAge.swift; sourceTree = "<group>"; };
		DB0FEA262B4C059E0075614C /* Genres.swift */ = {isa = PBXFileReference; lastKnownFileType = sourcecode.swift; path = Genres.swift; sourceTree = "<group>"; };
		DB0FEA282B4C060A0075614C /* Category.swift */ = {isa = PBXFileReference; lastKnownFileType = sourcecode.swift; path = Category.swift; sourceTree = "<group>"; };
		DB1997D02B59182500344560 /* BannerMovie.swift */ = {isa = PBXFileReference; lastKnownFileType = sourcecode.swift; path = BannerMovie.swift; sourceTree = "<group>"; };
		DB1997D22B591AE400344560 /* MainBannerTableViewCell.swift */ = {isa = PBXFileReference; lastKnownFileType = sourcecode.swift; path = MainBannerTableViewCell.swift; sourceTree = "<group>"; };
		DB1997D42B591D2500344560 /* BannerCollectionViewCell.swift */ = {isa = PBXFileReference; lastKnownFileType = sourcecode.swift; path = BannerCollectionViewCell.swift; sourceTree = "<group>"; };
		DB1997D62B59260900344560 /* HistoryTableViewCell.swift */ = {isa = PBXFileReference; lastKnownFileType = sourcecode.swift; path = HistoryTableViewCell.swift; sourceTree = "<group>"; };
		DB1997D82B5929CC00344560 /* GenreAgeTableViewCell.swift */ = {isa = PBXFileReference; lastKnownFileType = sourcecode.swift; path = GenreAgeTableViewCell.swift; sourceTree = "<group>"; };
		DB2AFAAF2B638D9D00884BA6 /* MovieInfoViewController.swift */ = {isa = PBXFileReference; lastKnownFileType = sourcecode.swift; path = MovieInfoViewController.swift; sourceTree = "<group>"; };
		DB2AFAB42B638E5300884BA6 /* SeasonsSeriesViewController.swift */ = {isa = PBXFileReference; lastKnownFileType = sourcecode.swift; path = SeasonsSeriesViewController.swift; sourceTree = "<group>"; };
		DB2AFAB62B63CECC00884BA6 /* Season.swift */ = {isa = PBXFileReference; lastKnownFileType = sourcecode.swift; path = Season.swift; sourceTree = "<group>"; };
		DB3D42DC2B624A710017C137 /* GradientView.swift */ = {isa = PBXFileReference; lastKnownFileType = sourcecode.swift; path = GradientView.swift; sourceTree = "<group>"; };
		DB4094BF2B35FB6D0001B505 /* UIViewController + Extensions.swift */ = {isa = PBXFileReference; lastKnownFileType = sourcecode.swift; path = "UIViewController + Extensions.swift"; sourceTree = "<group>"; };
		DB43626A2B31A18900285B5A /* ProfileEditViewController.swift */ = {isa = PBXFileReference; lastKnownFileType = sourcecode.swift; path = ProfileEditViewController.swift; sourceTree = "<group>"; };
		DB4CDBBC2B35AEAD007ECDBF /* LoginViewController.swift */ = {isa = PBXFileReference; lastKnownFileType = sourcecode.swift; path = LoginViewController.swift; sourceTree = "<group>"; };
		DB4F1C9B2AF3AE150086DFD5 /* OzinsheDemo.app */ = {isa = PBXFileReference; explicitFileType = wrapper.application; includeInIndex = 0; path = OzinsheDemo.app; sourceTree = BUILT_PRODUCTS_DIR; };
		DB4F1C9E2AF3AE150086DFD5 /* AppDelegate.swift */ = {isa = PBXFileReference; lastKnownFileType = sourcecode.swift; path = AppDelegate.swift; sourceTree = "<group>"; };
		DB4F1CA02AF3AE150086DFD5 /* SceneDelegate.swift */ = {isa = PBXFileReference; lastKnownFileType = sourcecode.swift; path = SceneDelegate.swift; sourceTree = "<group>"; };
		DB4F1CA52AF3AE150086DFD5 /* Base */ = {isa = PBXFileReference; lastKnownFileType = file.storyboard; name = Base; path = Base.lproj/Main.storyboard; sourceTree = "<group>"; };
		DB4F1CA72AF3AE160086DFD5 /* Assets.xcassets */ = {isa = PBXFileReference; lastKnownFileType = folder.assetcatalog; path = Assets.xcassets; sourceTree = "<group>"; };
		DB4F1CAA2AF3AE160086DFD5 /* Base */ = {isa = PBXFileReference; lastKnownFileType = file.storyboard; name = Base; path = Base.lproj/LaunchScreen.storyboard; sourceTree = "<group>"; };
		DB4F1CAC2AF3AE160086DFD5 /* Info.plist */ = {isa = PBXFileReference; lastKnownFileType = text.plist.xml; path = Info.plist; sourceTree = "<group>"; };
		DB4F1CB12AF3AE160086DFD5 /* OzinsheDemoTests.xctest */ = {isa = PBXFileReference; explicitFileType = wrapper.cfbundle; includeInIndex = 0; path = OzinsheDemoTests.xctest; sourceTree = BUILT_PRODUCTS_DIR; };
		DB4F1CB52AF3AE160086DFD5 /* OzinsheDemoTests.swift */ = {isa = PBXFileReference; lastKnownFileType = sourcecode.swift; path = OzinsheDemoTests.swift; sourceTree = "<group>"; };
		DB4F1CBB2AF3AE160086DFD5 /* OzinsheDemoUITests.xctest */ = {isa = PBXFileReference; explicitFileType = wrapper.cfbundle; includeInIndex = 0; path = OzinsheDemoUITests.xctest; sourceTree = BUILT_PRODUCTS_DIR; };
		DB4F1CBF2AF3AE160086DFD5 /* OzinsheDemoUITests.swift */ = {isa = PBXFileReference; lastKnownFileType = sourcecode.swift; path = OzinsheDemoUITests.swift; sourceTree = "<group>"; };
		DB4F1CC12AF3AE160086DFD5 /* OzinsheDemoUITestsLaunchTests.swift */ = {isa = PBXFileReference; lastKnownFileType = sourcecode.swift; path = OzinsheDemoUITestsLaunchTests.swift; sourceTree = "<group>"; };
		DB5C63192B51354E00F78E8F /* MainMovies.swift */ = {isa = PBXFileReference; lastKnownFileType = sourcecode.swift; path = MainMovies.swift; sourceTree = "<group>"; };
		DB61E14A2B6FFDA20045ACD8 /* ImageZoom.swift */ = {isa = PBXFileReference; lastKnownFileType = sourcecode.swift; path = ImageZoom.swift; sourceTree = "<group>"; };
		DB79B4592B6A6E6B00920575 /* ScreenshotsViewController.swift */ = {isa = PBXFileReference; lastKnownFileType = sourcecode.swift; path = ScreenshotsViewController.swift; sourceTree = "<group>"; };
		DB945CA42B2B1FA0007C57BD /* en */ = {isa = PBXFileReference; lastKnownFileType = text.plist.strings; name = en; path = en.lproj/Localizable.strings; sourceTree = "<group>"; };
		DB945CA62B2B1FEE007C57BD /* ru */ = {isa = PBXFileReference; lastKnownFileType = text.plist.strings; name = ru; path = ru.lproj/Localizable.strings; sourceTree = "<group>"; };
		DB945CA72B2B2051007C57BD /* kk */ = {isa = PBXFileReference; lastKnownFileType = text.plist.strings; name = kk; path = kk.lproj/Localizable.strings; sourceTree = "<group>"; };
		DB945CA82B2C6F19007C57BD /* ProfileViewController.swift */ = {isa = PBXFileReference; lastKnownFileType = sourcecode.swift; path = ProfileViewController.swift; sourceTree = "<group>"; };
		DB945CAA2B2C7A39007C57BD /* LanguageViewController.swift */ = {isa = PBXFileReference; lastKnownFileType = sourcecode.swift; path = LanguageViewController.swift; sourceTree = "<group>"; };
		DBB4DC852B345A1400E6D192 /* LogoutViewController.swift */ = {isa = PBXFileReference; lastKnownFileType = sourcecode.swift; path = LogoutViewController.swift; sourceTree = "<group>"; };
		DBB4DC872B345F5500E6D192 /* ChangePasswordViewController.swift */ = {isa = PBXFileReference; lastKnownFileType = sourcecode.swift; path = ChangePasswordViewController.swift; sourceTree = "<group>"; };
		DBCA13402B613785009246E0 /* OnboardingViewController.swift */ = {isa = PBXFileReference; lastKnownFileType = sourcecode.swift; path = OnboardingViewController.swift; sourceTree = "<group>"; };
		DBD51C602B55237F003BECC4 /* MainTableViewCell.swift */ = {isa = PBXFileReference; lastKnownFileType = sourcecode.swift; path = MainTableViewCell.swift; sourceTree = "<group>"; };
		DBD51C622B5542F1003BECC4 /* MainPageViewController.swift */ = {isa = PBXFileReference; lastKnownFileType = sourcecode.swift; path = MainPageViewController.swift; sourceTree = "<group>"; };
		DBDA8AB62B4D62490020C9C6 /* User.swift */ = {isa = PBXFileReference; lastKnownFileType = sourcecode.swift; path = User.swift; sourceTree = "<group>"; };
		DBDA8AB82B4EA0E30020C9C6 /* MovieCell.xib */ = {isa = PBXFileReference; lastKnownFileType = file.xib; path = MovieCell.xib; sourceTree = "<group>"; };
		DBDA8ABB2B4EAF860020C9C6 /* SearchViewController.swift */ = {isa = PBXFileReference; lastKnownFileType = sourcecode.swift; path = SearchViewController.swift; sourceTree = "<group>"; };
		DBF5823B2B710E8C00F06DC3 /* ImageScrollView.swift */ = {isa = PBXFileReference; lastKnownFileType = sourcecode.swift; path = ImageScrollView.swift; sourceTree = "<group>"; };
		DBF780BC2B074BE2005DA017 /* TabBarController.swift */ = {isa = PBXFileReference; lastKnownFileType = sourcecode.swift; path = TabBarController.swift; sourceTree = "<group>"; };
		DBF780C32B077016005DA017 /* SF-Pro-Display-Bold.otf */ = {isa = PBXFileReference; lastKnownFileType = file; path = "SF-Pro-Display-Bold.otf"; sourceTree = "<group>"; };
		DBF780C42B077016005DA017 /* SF-Pro-Display-Medium.otf */ = {isa = PBXFileReference; lastKnownFileType = file; path = "SF-Pro-Display-Medium.otf"; sourceTree = "<group>"; };
		DBF780C52B077016005DA017 /* SF-Pro-Display-Semibold.otf */ = {isa = PBXFileReference; lastKnownFileType = file; path = "SF-Pro-Display-Semibold.otf"; sourceTree = "<group>"; };
		DBF780C62B077016005DA017 /* SF-Pro-Display-Regular.otf */ = {isa = PBXFileReference; lastKnownFileType = file; path = "SF-Pro-Display-Regular.otf"; sourceTree = "<group>"; };
		DBF780CC2B0D1D5B005DA017 /* FavoriteTableViewController.swift */ = {isa = PBXFileReference; lastKnownFileType = sourcecode.swift; path = FavoriteTableViewController.swift; sourceTree = "<group>"; };
		DBF780CE2B0D1E7F005DA017 /* MovieTableViewCell.swift */ = {isa = PBXFileReference; lastKnownFileType = sourcecode.swift; path = MovieTableViewCell.swift; sourceTree = "<group>"; };
		E31423FD37049321AA2437F4 /* Pods-OzinsheDemo.debug.xcconfig */ = {isa = PBXFileReference; includeInIndex = 1; lastKnownFileType = text.xcconfig; name = "Pods-OzinsheDemo.debug.xcconfig"; path = "Target Support Files/Pods-OzinsheDemo/Pods-OzinsheDemo.debug.xcconfig"; sourceTree = "<group>"; };
/* End PBXFileReference section */

/* Begin PBXFrameworksBuildPhase section */
		DB4F1C982AF3AE150086DFD5 /* Frameworks */ = {
			isa = PBXFrameworksBuildPhase;
			buildActionMask = 2147483647;
			files = (
				DB64C7E02B713A9C0024C534 /* YouTubePlayerKit in Frameworks */,
				28B8C20CF74B1A4AFDC8FB87 /* Pods_OzinsheDemo.framework in Frameworks */,
			);
			runOnlyForDeploymentPostprocessing = 0;
		};
		DB4F1CAE2AF3AE160086DFD5 /* Frameworks */ = {
			isa = PBXFrameworksBuildPhase;
			buildActionMask = 2147483647;
			files = (
				DA65A7287DAFA92AFB83A235 /* Pods_OzinsheDemoTests.framework in Frameworks */,
			);
			runOnlyForDeploymentPostprocessing = 0;
		};
		DB4F1CB82AF3AE160086DFD5 /* Frameworks */ = {
			isa = PBXFrameworksBuildPhase;
			buildActionMask = 2147483647;
			files = (
				0A507A1707F63798A028F83C /* Pods_OzinsheDemo_OzinsheDemoUITests.framework in Frameworks */,
			);
			runOnlyForDeploymentPostprocessing = 0;
		};
/* End PBXFrameworksBuildPhase section */

/* Begin PBXGroup section */
		64CDBDB27FEF0A48346AF9A5 /* Frameworks */ = {
			isa = PBXGroup;
			children = (
				6EE068BA3B0029A4C70EFA71 /* Pods_OzinsheDemo.framework */,
				6F8F3D98F772DB9A8E1A5227 /* Pods_OzinsheDemo_OzinsheDemoUITests.framework */,
				35D3EBD2B9601A46A32F9E7A /* Pods_OzinsheDemoTests.framework */,
			);
			name = Frameworks;
			sourceTree = "<group>";
		};
		76F985A86B2DE33F3A057CD1 /* Pods */ = {
			isa = PBXGroup;
			children = (
				E31423FD37049321AA2437F4 /* Pods-OzinsheDemo.debug.xcconfig */,
				8D1A8C4632A91D247DA4E0D3 /* Pods-OzinsheDemo.release.xcconfig */,
				75B4743592C7C9EAC3FF162F /* Pods-OzinsheDemo-OzinsheDemoUITests.debug.xcconfig */,
				7E06FB8E67EC2AB1EF699561 /* Pods-OzinsheDemo-OzinsheDemoUITests.release.xcconfig */,
				7E632C1E3421F62741FBDE60 /* Pods-OzinsheDemoTests.debug.xcconfig */,
				5C6712D23BF0B1AA2C575262 /* Pods-OzinsheDemoTests.release.xcconfig */,
			);
			path = Pods;
			sourceTree = "<group>";
		};
		DB3D42DB2B6229510017C137 /* MovieCell */ = {
			isa = PBXGroup;
			children = (
				DBF780CE2B0D1E7F005DA017 /* MovieTableViewCell.swift */,
				DBDA8AB82B4EA0E30020C9C6 /* MovieCell.xib */,
			);
			path = MovieCell;
			sourceTree = "<group>";
		};
		DB4094BE2B35FB450001B505 /* Extensions */ = {
			isa = PBXGroup;
			children = (
				DB4094BF2B35FB6D0001B505 /* UIViewController + Extensions.swift */,
				DB3D42DC2B624A710017C137 /* GradientView.swift */,
				DB61E14A2B6FFDA20045ACD8 /* ImageZoom.swift */,
				DBF5823B2B710E8C00F06DC3 /* ImageScrollView.swift */,
			);
			path = Extensions;
			sourceTree = "<group>";
		};
		DB4F1C922AF3AE150086DFD5 = {
			isa = PBXGroup;
			children = (
				DB4F1C9D2AF3AE150086DFD5 /* OzinsheDemo */,
				DB4F1CB42AF3AE160086DFD5 /* OzinsheDemoTests */,
				DB4F1CBE2AF3AE160086DFD5 /* OzinsheDemoUITests */,
				DB4F1C9C2AF3AE150086DFD5 /* Products */,
				76F985A86B2DE33F3A057CD1 /* Pods */,
				64CDBDB27FEF0A48346AF9A5 /* Frameworks */,
			);
			sourceTree = "<group>";
		};
		DB4F1C9C2AF3AE150086DFD5 /* Products */ = {
			isa = PBXGroup;
			children = (
				DB4F1C9B2AF3AE150086DFD5 /* OzinsheDemo.app */,
				DB4F1CB12AF3AE160086DFD5 /* OzinsheDemoTests.xctest */,
				DB4F1CBB2AF3AE160086DFD5 /* OzinsheDemoUITests.xctest */,
			);
			name = Products;
			sourceTree = "<group>";
		};
		DB4F1C9D2AF3AE150086DFD5 /* OzinsheDemo */ = {
			isa = PBXGroup;
			children = (
				DBC90C8B2B46D4D200744C1C /* Model */,
				DBC90C8D2B46D4E100744C1C /* SharedInstance */,
				DBC90C8E2B46D4FC00744C1C /* Static */,
				DB4094BE2B35FB450001B505 /* Extensions */,
				DBF780BE2B076E02005DA017 /* Fonts */,
				DBF780CB2B0D1CFE005DA017 /* Controllers */,
				DB4F1CA02AF3AE150086DFD5 /* SceneDelegate.swift */,
				DB4F1C9E2AF3AE150086DFD5 /* AppDelegate.swift */,
				DB4F1CA42AF3AE150086DFD5 /* Main.storyboard */,
				DB4F1CA72AF3AE160086DFD5 /* Assets.xcassets */,
				DB4F1CA92AF3AE160086DFD5 /* LaunchScreen.storyboard */,
				DB4F1CAC2AF3AE160086DFD5 /* Info.plist */,
				DB945CA52B2B1FA0007C57BD /* Localizable.strings */,
			);
			path = OzinsheDemo;
			sourceTree = "<group>";
		};
		DB4F1CB42AF3AE160086DFD5 /* OzinsheDemoTests */ = {
			isa = PBXGroup;
			children = (
				DB4F1CB52AF3AE160086DFD5 /* OzinsheDemoTests.swift */,
			);
			path = OzinsheDemoTests;
			sourceTree = "<group>";
		};
		DB4F1CBE2AF3AE160086DFD5 /* OzinsheDemoUITests */ = {
			isa = PBXGroup;
			children = (
				DB4F1CBF2AF3AE160086DFD5 /* OzinsheDemoUITests.swift */,
				DB4F1CC12AF3AE160086DFD5 /* OzinsheDemoUITestsLaunchTests.swift */,
			);
			path = OzinsheDemoUITests;
			sourceTree = "<group>";
		};
		DBC90C8B2B46D4D200744C1C /* Model */ = {
			isa = PBXGroup;
			children = (
				DB0FEA202B4C018F0075614C /* Movie.swift */,
				DB0FEA222B4C045F0075614C /* Screenshot.swift */,
				DB0FEA242B4C04DC0075614C /* CategoryAge.swift */,
				DB0FEA262B4C059E0075614C /* Genres.swift */,
				DB0FEA282B4C060A0075614C /* Category.swift */,
				DBDA8AB62B4D62490020C9C6 /* User.swift */,
				DB5C63192B51354E00F78E8F /* MainMovies.swift */,
				DB1997D02B59182500344560 /* BannerMovie.swift */,
				DB2AFAB62B63CECC00884BA6 /* Season.swift */,
			);
			path = Model;
			sourceTree = "<group>";
		};
		DBC90C8D2B46D4E100744C1C /* SharedInstance */ = {
			isa = PBXGroup;
			children = (
				DB0FEA1C2B482D370075614C /* Storage.swift */,
			);
			path = SharedInstance;
			sourceTree = "<group>";
		};
		DBC90C8E2B46D4FC00744C1C /* Static */ = {
			isa = PBXGroup;
			children = (
				DB0FEA1A2B48271B0075614C /* URLs.swift */,
			);
			path = Static;
			sourceTree = "<group>";
		};
		DBC90C8F2B46D51B00744C1C /* Favorites */ = {
			isa = PBXGroup;
			children = (
				DBF780CC2B0D1D5B005DA017 /* FavoriteTableViewController.swift */,
			);
			path = Favorites;
			sourceTree = "<group>";
		};
		DBC90C902B46D52200744C1C /* Profile */ = {
			isa = PBXGroup;
			children = (
				DB0FEA1E2B4AAB0C0075614C /* RegisterViewController.swift */,
				DB4CDBBC2B35AEAD007ECDBF /* LoginViewController.swift */,
				DBB4DC852B345A1400E6D192 /* LogoutViewController.swift */,
				DB945CA82B2C6F19007C57BD /* ProfileViewController.swift */,
				DB43626A2B31A18900285B5A /* ProfileEditViewController.swift */,
				DB945CAA2B2C7A39007C57BD /* LanguageViewController.swift */,
				DBB4DC872B345F5500E6D192 /* ChangePasswordViewController.swift */,
			);
			path = Profile;
			sourceTree = "<group>";
		};
		DBD51C5F2B552367003BECC4 /* Main */ = {
			isa = PBXGroup;
			children = (
				DBD51C622B5542F1003BECC4 /* MainPageViewController.swift */,
				DBD51C602B55237F003BECC4 /* MainTableViewCell.swift */,
				DB1997D22B591AE400344560 /* MainBannerTableViewCell.swift */,
				DB1997D42B591D2500344560 /* BannerCollectionViewCell.swift */,
				DB1997D62B59260900344560 /* HistoryTableViewCell.swift */,
				DB1997D82B5929CC00344560 /* GenreAgeTableViewCell.swift */,
			);
			path = Main;
			sourceTree = "<group>";
		};
		DBDA8ABA2B4EAEED0020C9C6 /* Search */ = {
			isa = PBXGroup;
			children = (
				DBDA8ABB2B4EAF860020C9C6 /* SearchViewController.swift */,
				DB0D77C92B4FC960001E8BF7 /* CategoryTableViewController.swift */,
			);
			path = Search;
			sourceTree = "<group>";
		};
		DBEAFBEE2B67A7510004DAFD /* MovieInfo */ = {
			isa = PBXGroup;
			children = (
				DB2AFAAF2B638D9D00884BA6 /* MovieInfoViewController.swift */,
				DB79B4592B6A6E6B00920575 /* ScreenshotsViewController.swift */,
			);
			path = MovieInfo;
			sourceTree = "<group>";
		};
		DBEAFBEF2B67A7690004DAFD /* SeasonsSeries */ = {
			isa = PBXGroup;
			children = (
				DB2AFAB42B638E5300884BA6 /* SeasonsSeriesViewController.swift */,
			);
			path = SeasonsSeries;
			sourceTree = "<group>";
		};
		DBF780BE2B076E02005DA017 /* Fonts */ = {
			isa = PBXGroup;
			children = (
				DBF780C32B077016005DA017 /* SF-Pro-Display-Bold.otf */,
				DBF780C42B077016005DA017 /* SF-Pro-Display-Medium.otf */,
				DBF780C62B077016005DA017 /* SF-Pro-Display-Regular.otf */,
				DBF780C52B077016005DA017 /* SF-Pro-Display-Semibold.otf */,
			);
			path = Fonts;
			sourceTree = "<group>";
		};
		DBF780CB2B0D1CFE005DA017 /* Controllers */ = {
			isa = PBXGroup;
			children = (
				DBCA13402B613785009246E0 /* OnboardingViewController.swift */,
				DBF780BC2B074BE2005DA017 /* TabBarController.swift */,
				DBD51C5F2B552367003BECC4 /* Main */,
				DB3D42DB2B6229510017C137 /* MovieCell */,
				DBEAFBEE2B67A7510004DAFD /* MovieInfo */,
				DBEAFBEF2B67A7690004DAFD /* SeasonsSeries */,
				DBDA8ABA2B4EAEED0020C9C6 /* Search */,
				DBC90C902B46D52200744C1C /* Profile */,
				DBC90C8F2B46D51B00744C1C /* Favorites */,
			);
			path = Controllers;
			sourceTree = "<group>";
		};
/* End PBXGroup section */

/* Begin PBXNativeTarget section */
		DB4F1C9A2AF3AE150086DFD5 /* OzinsheDemo */ = {
			isa = PBXNativeTarget;
			buildConfigurationList = DB4F1CC52AF3AE160086DFD5 /* Build configuration list for PBXNativeTarget "OzinsheDemo" */;
			buildPhases = (
				F53D4E51E89E540E2EA3B965 /* [CP] Check Pods Manifest.lock */,
				DB4F1C972AF3AE150086DFD5 /* Sources */,
				DB4F1C982AF3AE150086DFD5 /* Frameworks */,
				DB4F1C992AF3AE150086DFD5 /* Resources */,
				2E9107A8D0D447DBD6C2FBC2 /* [CP] Embed Pods Frameworks */,
			);
			buildRules = (
			);
			dependencies = (
			);
			name = OzinsheDemo;
			packageProductDependencies = (
				DB64C7DF2B713A9C0024C534 /* YouTubePlayerKit */,
			);
			productName = OzinsheDemo;
			productReference = DB4F1C9B2AF3AE150086DFD5 /* OzinsheDemo.app */;
			productType = "com.apple.product-type.application";
		};
		DB4F1CB02AF3AE160086DFD5 /* OzinsheDemoTests */ = {
			isa = PBXNativeTarget;
			buildConfigurationList = DB4F1CC82AF3AE160086DFD5 /* Build configuration list for PBXNativeTarget "OzinsheDemoTests" */;
			buildPhases = (
				8FCD773793FA252272682C53 /* [CP] Check Pods Manifest.lock */,
				DB4F1CAD2AF3AE160086DFD5 /* Sources */,
				DB4F1CAE2AF3AE160086DFD5 /* Frameworks */,
				DB4F1CAF2AF3AE160086DFD5 /* Resources */,
			);
			buildRules = (
			);
			dependencies = (
				DB4F1CB32AF3AE160086DFD5 /* PBXTargetDependency */,
			);
			name = OzinsheDemoTests;
			productName = OzinsheDemoTests;
			productReference = DB4F1CB12AF3AE160086DFD5 /* OzinsheDemoTests.xctest */;
			productType = "com.apple.product-type.bundle.unit-test";
		};
		DB4F1CBA2AF3AE160086DFD5 /* OzinsheDemoUITests */ = {
			isa = PBXNativeTarget;
			buildConfigurationList = DB4F1CCB2AF3AE160086DFD5 /* Build configuration list for PBXNativeTarget "OzinsheDemoUITests" */;
			buildPhases = (
				C5285E25A73CB6B8DF75425A /* [CP] Check Pods Manifest.lock */,
				DB4F1CB72AF3AE160086DFD5 /* Sources */,
				DB4F1CB82AF3AE160086DFD5 /* Frameworks */,
				DB4F1CB92AF3AE160086DFD5 /* Resources */,
				12AF73EE0747CA1A41E7F8B8 /* [CP] Embed Pods Frameworks */,
			);
			buildRules = (
			);
			dependencies = (
				DB4F1CBD2AF3AE160086DFD5 /* PBXTargetDependency */,
			);
			name = OzinsheDemoUITests;
			productName = OzinsheDemoUITests;
			productReference = DB4F1CBB2AF3AE160086DFD5 /* OzinsheDemoUITests.xctest */;
			productType = "com.apple.product-type.bundle.ui-testing";
		};
/* End PBXNativeTarget section */

/* Begin PBXProject section */
		DB4F1C932AF3AE150086DFD5 /* Project object */ = {
			isa = PBXProject;
			attributes = {
				BuildIndependentTargetsInParallel = 1;
				LastSwiftUpdateCheck = 1500;
				LastUpgradeCheck = 1500;
				TargetAttributes = {
					DB4F1C9A2AF3AE150086DFD5 = {
						CreatedOnToolsVersion = 15.0.1;
					};
					DB4F1CB02AF3AE160086DFD5 = {
						CreatedOnToolsVersion = 15.0.1;
						TestTargetID = DB4F1C9A2AF3AE150086DFD5;
					};
					DB4F1CBA2AF3AE160086DFD5 = {
						CreatedOnToolsVersion = 15.0.1;
						TestTargetID = DB4F1C9A2AF3AE150086DFD5;
					};
				};
			};
			buildConfigurationList = DB4F1C962AF3AE150086DFD5 /* Build configuration list for PBXProject "OzinsheDemo" */;
			compatibilityVersion = "Xcode 14.0";
			developmentRegion = en;
			hasScannedForEncodings = 0;
			knownRegions = (
				en,
				Base,
				ru,
				kk,
			);
			mainGroup = DB4F1C922AF3AE150086DFD5;
			packageReferences = (
				DB64C7DE2B713A9C0024C534 /* XCRemoteSwiftPackageReference "YouTubePlayerKit" */,
			);
			productRefGroup = DB4F1C9C2AF3AE150086DFD5 /* Products */;
			projectDirPath = "";
			projectRoot = "";
			targets = (
				DB4F1C9A2AF3AE150086DFD5 /* OzinsheDemo */,
				DB4F1CB02AF3AE160086DFD5 /* OzinsheDemoTests */,
				DB4F1CBA2AF3AE160086DFD5 /* OzinsheDemoUITests */,
			);
		};
/* End PBXProject section */

/* Begin PBXResourcesBuildPhase section */
		DB4F1C992AF3AE150086DFD5 /* Resources */ = {
			isa = PBXResourcesBuildPhase;
			buildActionMask = 2147483647;
			files = (
				DBF780C92B077016005DA017 /* SF-Pro-Display-Semibold.otf in Resources */,
				DB4F1CAB2AF3AE160086DFD5 /* LaunchScreen.storyboard in Resources */,
				DB4F1CA82AF3AE160086DFD5 /* Assets.xcassets in Resources */,
				DBF780C72B077016005DA017 /* SF-Pro-Display-Bold.otf in Resources */,
				DB4F1CA62AF3AE150086DFD5 /* Main.storyboard in Resources */,
				DB945CA32B2B1FA0007C57BD /* Localizable.strings in Resources */,
				DBDA8AB92B4EA0E30020C9C6 /* MovieCell.xib in Resources */,
				DBF780CA2B077016005DA017 /* SF-Pro-Display-Regular.otf in Resources */,
				DBF780C82B077016005DA017 /* SF-Pro-Display-Medium.otf in Resources */,
			);
			runOnlyForDeploymentPostprocessing = 0;
		};
		DB4F1CAF2AF3AE160086DFD5 /* Resources */ = {
			isa = PBXResourcesBuildPhase;
			buildActionMask = 2147483647;
			files = (
			);
			runOnlyForDeploymentPostprocessing = 0;
		};
		DB4F1CB92AF3AE160086DFD5 /* Resources */ = {
			isa = PBXResourcesBuildPhase;
			buildActionMask = 2147483647;
			files = (
			);
			runOnlyForDeploymentPostprocessing = 0;
		};
/* End PBXResourcesBuildPhase section */

/* Begin PBXShellScriptBuildPhase section */
		12AF73EE0747CA1A41E7F8B8 /* [CP] Embed Pods Frameworks */ = {
			isa = PBXShellScriptBuildPhase;
			buildActionMask = 2147483647;
			files = (
			);
			inputFileListPaths = (
				"${PODS_ROOT}/Target Support Files/Pods-OzinsheDemo-OzinsheDemoUITests/Pods-OzinsheDemo-OzinsheDemoUITests-frameworks-${CONFIGURATION}-input-files.xcfilelist",
			);
			name = "[CP] Embed Pods Frameworks";
			outputFileListPaths = (
				"${PODS_ROOT}/Target Support Files/Pods-OzinsheDemo-OzinsheDemoUITests/Pods-OzinsheDemo-OzinsheDemoUITests-frameworks-${CONFIGURATION}-output-files.xcfilelist",
			);
			runOnlyForDeploymentPostprocessing = 0;
			shellPath = /bin/sh;
			shellScript = "\"${PODS_ROOT}/Target Support Files/Pods-OzinsheDemo-OzinsheDemoUITests/Pods-OzinsheDemo-OzinsheDemoUITests-frameworks.sh\"\n";
			showEnvVarsInLog = 0;
		};
		2E9107A8D0D447DBD6C2FBC2 /* [CP] Embed Pods Frameworks */ = {
			isa = PBXShellScriptBuildPhase;
			buildActionMask = 2147483647;
			files = (
			);
			inputFileListPaths = (
				"${PODS_ROOT}/Target Support Files/Pods-OzinsheDemo/Pods-OzinsheDemo-frameworks-${CONFIGURATION}-input-files.xcfilelist",
			);
			name = "[CP] Embed Pods Frameworks";
			outputFileListPaths = (
				"${PODS_ROOT}/Target Support Files/Pods-OzinsheDemo/Pods-OzinsheDemo-frameworks-${CONFIGURATION}-output-files.xcfilelist",
			);
			runOnlyForDeploymentPostprocessing = 0;
			shellPath = /bin/sh;
			shellScript = "\"${PODS_ROOT}/Target Support Files/Pods-OzinsheDemo/Pods-OzinsheDemo-frameworks.sh\"\n";
			showEnvVarsInLog = 0;
		};
		8FCD773793FA252272682C53 /* [CP] Check Pods Manifest.lock */ = {
			isa = PBXShellScriptBuildPhase;
			buildActionMask = 2147483647;
			files = (
			);
			inputFileListPaths = (
			);
			inputPaths = (
				"${PODS_PODFILE_DIR_PATH}/Podfile.lock",
				"${PODS_ROOT}/Manifest.lock",
			);
			name = "[CP] Check Pods Manifest.lock";
			outputFileListPaths = (
			);
			outputPaths = (
				"$(DERIVED_FILE_DIR)/Pods-OzinsheDemoTests-checkManifestLockResult.txt",
			);
			runOnlyForDeploymentPostprocessing = 0;
			shellPath = /bin/sh;
			shellScript = "diff \"${PODS_PODFILE_DIR_PATH}/Podfile.lock\" \"${PODS_ROOT}/Manifest.lock\" > /dev/null\nif [ $? != 0 ] ; then\n    # print error to STDERR\n    echo \"error: The sandbox is not in sync with the Podfile.lock. Run 'pod install' or update your CocoaPods installation.\" >&2\n    exit 1\nfi\n# This output is used by Xcode 'outputs' to avoid re-running this script phase.\necho \"SUCCESS\" > \"${SCRIPT_OUTPUT_FILE_0}\"\n";
			showEnvVarsInLog = 0;
		};
		C5285E25A73CB6B8DF75425A /* [CP] Check Pods Manifest.lock */ = {
			isa = PBXShellScriptBuildPhase;
			buildActionMask = 2147483647;
			files = (
			);
			inputFileListPaths = (
			);
			inputPaths = (
				"${PODS_PODFILE_DIR_PATH}/Podfile.lock",
				"${PODS_ROOT}/Manifest.lock",
			);
			name = "[CP] Check Pods Manifest.lock";
			outputFileListPaths = (
			);
			outputPaths = (
				"$(DERIVED_FILE_DIR)/Pods-OzinsheDemo-OzinsheDemoUITests-checkManifestLockResult.txt",
			);
			runOnlyForDeploymentPostprocessing = 0;
			shellPath = /bin/sh;
			shellScript = "diff \"${PODS_PODFILE_DIR_PATH}/Podfile.lock\" \"${PODS_ROOT}/Manifest.lock\" > /dev/null\nif [ $? != 0 ] ; then\n    # print error to STDERR\n    echo \"error: The sandbox is not in sync with the Podfile.lock. Run 'pod install' or update your CocoaPods installation.\" >&2\n    exit 1\nfi\n# This output is used by Xcode 'outputs' to avoid re-running this script phase.\necho \"SUCCESS\" > \"${SCRIPT_OUTPUT_FILE_0}\"\n";
			showEnvVarsInLog = 0;
		};
		F53D4E51E89E540E2EA3B965 /* [CP] Check Pods Manifest.lock */ = {
			isa = PBXShellScriptBuildPhase;
			buildActionMask = 2147483647;
			files = (
			);
			inputFileListPaths = (
			);
			inputPaths = (
				"${PODS_PODFILE_DIR_PATH}/Podfile.lock",
				"${PODS_ROOT}/Manifest.lock",
			);
			name = "[CP] Check Pods Manifest.lock";
			outputFileListPaths = (
			);
			outputPaths = (
				"$(DERIVED_FILE_DIR)/Pods-OzinsheDemo-checkManifestLockResult.txt",
			);
			runOnlyForDeploymentPostprocessing = 0;
			shellPath = /bin/sh;
			shellScript = "diff \"${PODS_PODFILE_DIR_PATH}/Podfile.lock\" \"${PODS_ROOT}/Manifest.lock\" > /dev/null\nif [ $? != 0 ] ; then\n    # print error to STDERR\n    echo \"error: The sandbox is not in sync with the Podfile.lock. Run 'pod install' or update your CocoaPods installation.\" >&2\n    exit 1\nfi\n# This output is used by Xcode 'outputs' to avoid re-running this script phase.\necho \"SUCCESS\" > \"${SCRIPT_OUTPUT_FILE_0}\"\n";
			showEnvVarsInLog = 0;
		};
/* End PBXShellScriptBuildPhase section */

/* Begin PBXSourcesBuildPhase section */
		DB4F1C972AF3AE150086DFD5 /* Sources */ = {
			isa = PBXSourcesBuildPhase;
			buildActionMask = 2147483647;
			files = (
				DBF780CD2B0D1D5B005DA017 /* FavoriteTableViewController.swift in Sources */,
				DB0FEA212B4C018F0075614C /* Movie.swift in Sources */,
				DBCA13412B613785009246E0 /* OnboardingViewController.swift in Sources */,
				DB945CAB2B2C7A39007C57BD /* LanguageViewController.swift in Sources */,
				DB79B45A2B6A6E6B00920575 /* ScreenshotsViewController.swift in Sources */,
				DB1997D92B5929CC00344560 /* GenreAgeTableViewCell.swift in Sources */,
				DBF780CF2B0D1E7F005DA017 /* MovieTableViewCell.swift in Sources */,
				DBB4DC862B345A1400E6D192 /* LogoutViewController.swift in Sources */,
				DBF780BD2B074BE2005DA017 /* TabBarController.swift in Sources */,
				DB945CA92B2C6F19007C57BD /* ProfileViewController.swift in Sources */,
				DBD51C632B5542F1003BECC4 /* MainPageViewController.swift in Sources */,
				DB43626B2B31A18900285B5A /* ProfileEditViewController.swift in Sources */,
				DB1997D72B59260900344560 /* HistoryTableViewCell.swift in Sources */,
				DB0FEA272B4C059E0075614C /* Genres.swift in Sources */,
				DB1997D12B59182500344560 /* BannerMovie.swift in Sources */,
				DBD51C612B55237F003BECC4 /* MainTableViewCell.swift in Sources */,
				DB4F1C9F2AF3AE150086DFD5 /* AppDelegate.swift in Sources */,
				DBB4DC882B345F5500E6D192 /* ChangePasswordViewController.swift in Sources */,
				DB2AFAB52B638E5300884BA6 /* SeasonsSeriesViewController.swift in Sources */,
				DB0FEA1B2B48271B0075614C /* URLs.swift in Sources */,
				DB4094C02B35FB6D0001B505 /* UIViewController + Extensions.swift in Sources */,
				DB2AFAB72B63CECC00884BA6 /* Season.swift in Sources */,
				DB1997D52B591D2500344560 /* BannerCollectionViewCell.swift in Sources */,
				DB2AFAB02B638D9D00884BA6 /* MovieInfoViewController.swift in Sources */,
				DB0FEA1F2B4AAB0C0075614C /* RegisterViewController.swift in Sources */,
				DB3D42DD2B624A710017C137 /* GradientView.swift in Sources */,
				DB0FEA1D2B482D370075614C /* Storage.swift in Sources */,
				DB1997D32B591AE400344560 /* MainBannerTableViewCell.swift in Sources */,
				DB61E14B2B6FFDA20045ACD8 /* ImageZoom.swift in Sources */,
				DB0D77CA2B4FC960001E8BF7 /* CategoryTableViewController.swift in Sources */,
				DB4CDBBD2B35AEAD007ECDBF /* LoginViewController.swift in Sources */,
				DB5C631A2B51354E00F78E8F /* MainMovies.swift in Sources */,
				DBDA8ABC2B4EAF860020C9C6 /* SearchViewController.swift in Sources */,
				DB4F1CA12AF3AE150086DFD5 /* SceneDelegate.swift in Sources */,
				DBDA8AB72B4D62490020C9C6 /* User.swift in Sources */,
				DB0FEA232B4C045F0075614C /* Screenshot.swift in Sources */,
				DBF5823C2B710E8C00F06DC3 /* ImageScrollView.swift in Sources */,
				DB0FEA252B4C04DC0075614C /* CategoryAge.swift in Sources */,
				DB0FEA292B4C060A0075614C /* Category.swift in Sources */,
			);
			runOnlyForDeploymentPostprocessing = 0;
		};
		DB4F1CAD2AF3AE160086DFD5 /* Sources */ = {
			isa = PBXSourcesBuildPhase;
			buildActionMask = 2147483647;
			files = (
				DB4F1CB62AF3AE160086DFD5 /* OzinsheDemoTests.swift in Sources */,
			);
			runOnlyForDeploymentPostprocessing = 0;
		};
		DB4F1CB72AF3AE160086DFD5 /* Sources */ = {
			isa = PBXSourcesBuildPhase;
			buildActionMask = 2147483647;
			files = (
				DB4F1CC22AF3AE160086DFD5 /* OzinsheDemoUITestsLaunchTests.swift in Sources */,
				DB4F1CC02AF3AE160086DFD5 /* OzinsheDemoUITests.swift in Sources */,
			);
			runOnlyForDeploymentPostprocessing = 0;
		};
/* End PBXSourcesBuildPhase section */

/* Begin PBXTargetDependency section */
		DB4F1CB32AF3AE160086DFD5 /* PBXTargetDependency */ = {
			isa = PBXTargetDependency;
			target = DB4F1C9A2AF3AE150086DFD5 /* OzinsheDemo */;
			targetProxy = DB4F1CB22AF3AE160086DFD5 /* PBXContainerItemProxy */;
		};
		DB4F1CBD2AF3AE160086DFD5 /* PBXTargetDependency */ = {
			isa = PBXTargetDependency;
			target = DB4F1C9A2AF3AE150086DFD5 /* OzinsheDemo */;
			targetProxy = DB4F1CBC2AF3AE160086DFD5 /* PBXContainerItemProxy */;
		};
/* End PBXTargetDependency section */

/* Begin PBXVariantGroup section */
		DB4F1CA42AF3AE150086DFD5 /* Main.storyboard */ = {
			isa = PBXVariantGroup;
			children = (
				DB4F1CA52AF3AE150086DFD5 /* Base */,
			);
			name = Main.storyboard;
			sourceTree = "<group>";
		};
		DB4F1CA92AF3AE160086DFD5 /* LaunchScreen.storyboard */ = {
			isa = PBXVariantGroup;
			children = (
				DB4F1CAA2AF3AE160086DFD5 /* Base */,
			);
			name = LaunchScreen.storyboard;
			sourceTree = "<group>";
		};
		DB945CA52B2B1FA0007C57BD /* Localizable.strings */ = {
			isa = PBXVariantGroup;
			children = (
				DB945CA42B2B1FA0007C57BD /* en */,
				DB945CA62B2B1FEE007C57BD /* ru */,
				DB945CA72B2B2051007C57BD /* kk */,
			);
			name = Localizable.strings;
			sourceTree = "<group>";
		};
/* End PBXVariantGroup section */

/* Begin XCBuildConfiguration section */
		DB4F1CC32AF3AE160086DFD5 /* Debug */ = {
			isa = XCBuildConfiguration;
			buildSettings = {
				ALWAYS_SEARCH_USER_PATHS = NO;
				ASSETCATALOG_COMPILER_GENERATE_SWIFT_ASSET_SYMBOL_EXTENSIONS = YES;
				CLANG_ANALYZER_LOCALIZABILITY_NONLOCALIZED = YES;
				CLANG_ANALYZER_NONNULL = YES;
				CLANG_ANALYZER_NUMBER_OBJECT_CONVERSION = YES_AGGRESSIVE;
				CLANG_CXX_LANGUAGE_STANDARD = "gnu++20";
				CLANG_ENABLE_MODULES = YES;
				CLANG_ENABLE_OBJC_ARC = YES;
				CLANG_ENABLE_OBJC_WEAK = YES;
				CLANG_WARN_BLOCK_CAPTURE_AUTORELEASING = YES;
				CLANG_WARN_BOOL_CONVERSION = YES;
				CLANG_WARN_COMMA = YES;
				CLANG_WARN_CONSTANT_CONVERSION = YES;
				CLANG_WARN_DEPRECATED_OBJC_IMPLEMENTATIONS = YES;
				CLANG_WARN_DIRECT_OBJC_ISA_USAGE = YES_ERROR;
				CLANG_WARN_DOCUMENTATION_COMMENTS = YES;
				CLANG_WARN_EMPTY_BODY = YES;
				CLANG_WARN_ENUM_CONVERSION = YES;
				CLANG_WARN_INFINITE_RECURSION = YES;
				CLANG_WARN_INT_CONVERSION = YES;
				CLANG_WARN_NON_LITERAL_NULL_CONVERSION = YES;
				CLANG_WARN_OBJC_IMPLICIT_RETAIN_SELF = YES;
				CLANG_WARN_OBJC_LITERAL_CONVERSION = YES;
				CLANG_WARN_OBJC_ROOT_CLASS = YES_ERROR;
				CLANG_WARN_QUOTED_INCLUDE_IN_FRAMEWORK_HEADER = YES;
				CLANG_WARN_RANGE_LOOP_ANALYSIS = YES;
				CLANG_WARN_STRICT_PROTOTYPES = YES;
				CLANG_WARN_SUSPICIOUS_MOVE = YES;
				CLANG_WARN_UNGUARDED_AVAILABILITY = YES_AGGRESSIVE;
				CLANG_WARN_UNREACHABLE_CODE = YES;
				CLANG_WARN__DUPLICATE_METHOD_MATCH = YES;
				COPY_PHASE_STRIP = NO;
				DEBUG_INFORMATION_FORMAT = dwarf;
				ENABLE_STRICT_OBJC_MSGSEND = YES;
				ENABLE_TESTABILITY = YES;
				ENABLE_USER_SCRIPT_SANDBOXING = NO;
				GCC_C_LANGUAGE_STANDARD = gnu17;
				GCC_DYNAMIC_NO_PIC = NO;
				GCC_NO_COMMON_BLOCKS = YES;
				GCC_OPTIMIZATION_LEVEL = 0;
				GCC_PREPROCESSOR_DEFINITIONS = (
					"DEBUG=1",
					"$(inherited)",
				);
				GCC_WARN_64_TO_32_BIT_CONVERSION = YES;
				GCC_WARN_ABOUT_RETURN_TYPE = YES_ERROR;
				GCC_WARN_UNDECLARED_SELECTOR = YES;
				GCC_WARN_UNINITIALIZED_AUTOS = YES_AGGRESSIVE;
				GCC_WARN_UNUSED_FUNCTION = YES;
				GCC_WARN_UNUSED_VARIABLE = YES;
				IPHONEOS_DEPLOYMENT_TARGET = 16.0;
				LOCALIZATION_PREFERS_STRING_CATALOGS = YES;
				MTL_ENABLE_DEBUG_INFO = INCLUDE_SOURCE;
				MTL_FAST_MATH = YES;
				ONLY_ACTIVE_ARCH = YES;
				SDKROOT = iphoneos;
				SWIFT_ACTIVE_COMPILATION_CONDITIONS = "DEBUG $(inherited)";
				SWIFT_OPTIMIZATION_LEVEL = "-Onone";
			};
			name = Debug;
		};
		DB4F1CC42AF3AE160086DFD5 /* Release */ = {
			isa = XCBuildConfiguration;
			buildSettings = {
				ALWAYS_SEARCH_USER_PATHS = NO;
				ASSETCATALOG_COMPILER_GENERATE_SWIFT_ASSET_SYMBOL_EXTENSIONS = YES;
				CLANG_ANALYZER_LOCALIZABILITY_NONLOCALIZED = YES;
				CLANG_ANALYZER_NONNULL = YES;
				CLANG_ANALYZER_NUMBER_OBJECT_CONVERSION = YES_AGGRESSIVE;
				CLANG_CXX_LANGUAGE_STANDARD = "gnu++20";
				CLANG_ENABLE_MODULES = YES;
				CLANG_ENABLE_OBJC_ARC = YES;
				CLANG_ENABLE_OBJC_WEAK = YES;
				CLANG_WARN_BLOCK_CAPTURE_AUTORELEASING = YES;
				CLANG_WARN_BOOL_CONVERSION = YES;
				CLANG_WARN_COMMA = YES;
				CLANG_WARN_CONSTANT_CONVERSION = YES;
				CLANG_WARN_DEPRECATED_OBJC_IMPLEMENTATIONS = YES;
				CLANG_WARN_DIRECT_OBJC_ISA_USAGE = YES_ERROR;
				CLANG_WARN_DOCUMENTATION_COMMENTS = YES;
				CLANG_WARN_EMPTY_BODY = YES;
				CLANG_WARN_ENUM_CONVERSION = YES;
				CLANG_WARN_INFINITE_RECURSION = YES;
				CLANG_WARN_INT_CONVERSION = YES;
				CLANG_WARN_NON_LITERAL_NULL_CONVERSION = YES;
				CLANG_WARN_OBJC_IMPLICIT_RETAIN_SELF = YES;
				CLANG_WARN_OBJC_LITERAL_CONVERSION = YES;
				CLANG_WARN_OBJC_ROOT_CLASS = YES_ERROR;
				CLANG_WARN_QUOTED_INCLUDE_IN_FRAMEWORK_HEADER = YES;
				CLANG_WARN_RANGE_LOOP_ANALYSIS = YES;
				CLANG_WARN_STRICT_PROTOTYPES = YES;
				CLANG_WARN_SUSPICIOUS_MOVE = YES;
				CLANG_WARN_UNGUARDED_AVAILABILITY = YES_AGGRESSIVE;
				CLANG_WARN_UNREACHABLE_CODE = YES;
				CLANG_WARN__DUPLICATE_METHOD_MATCH = YES;
				COPY_PHASE_STRIP = NO;
				DEBUG_INFORMATION_FORMAT = "dwarf-with-dsym";
				ENABLE_NS_ASSERTIONS = NO;
				ENABLE_STRICT_OBJC_MSGSEND = YES;
				ENABLE_USER_SCRIPT_SANDBOXING = NO;
				GCC_C_LANGUAGE_STANDARD = gnu17;
				GCC_NO_COMMON_BLOCKS = YES;
				GCC_WARN_64_TO_32_BIT_CONVERSION = YES;
				GCC_WARN_ABOUT_RETURN_TYPE = YES_ERROR;
				GCC_WARN_UNDECLARED_SELECTOR = YES;
				GCC_WARN_UNINITIALIZED_AUTOS = YES_AGGRESSIVE;
				GCC_WARN_UNUSED_FUNCTION = YES;
				GCC_WARN_UNUSED_VARIABLE = YES;
				IPHONEOS_DEPLOYMENT_TARGET = 16.0;
				LOCALIZATION_PREFERS_STRING_CATALOGS = YES;
				MTL_ENABLE_DEBUG_INFO = NO;
				MTL_FAST_MATH = YES;
				SDKROOT = iphoneos;
				SWIFT_COMPILATION_MODE = wholemodule;
				VALIDATE_PRODUCT = YES;
			};
			name = Release;
		};
		DB4F1CC62AF3AE160086DFD5 /* Debug */ = {
			isa = XCBuildConfiguration;
			baseConfigurationReference = E31423FD37049321AA2437F4 /* Pods-OzinsheDemo.debug.xcconfig */;
			buildSettings = {
				ASSETCATALOG_COMPILER_APPICON_NAME = AppIcon;
				ASSETCATALOG_COMPILER_GLOBAL_ACCENT_COLOR_NAME = AccentColor;
				CODE_SIGN_STYLE = Automatic;
				CURRENT_PROJECT_VERSION = 1;
				GENERATE_INFOPLIST_FILE = YES;
				INFOPLIST_FILE = OzinsheDemo/Info.plist;
				INFOPLIST_KEY_UIApplicationSupportsIndirectInputEvents = YES;
				INFOPLIST_KEY_UILaunchStoryboardName = LaunchScreen;
				INFOPLIST_KEY_UIMainStoryboardFile = Main;
				INFOPLIST_KEY_UISupportedInterfaceOrientations_iPad = "UIInterfaceOrientationPortrait UIInterfaceOrientationPortraitUpsideDown UIInterfaceOrientationLandscapeLeft UIInterfaceOrientationLandscapeRight";
				INFOPLIST_KEY_UISupportedInterfaceOrientations_iPhone = "UIInterfaceOrientationPortrait UIInterfaceOrientationLandscapeLeft UIInterfaceOrientationLandscapeRight";
				IPHONEOS_DEPLOYMENT_TARGET = 16.0;
				LD_RUNPATH_SEARCH_PATHS = (
					"$(inherited)",
					"@executable_path/Frameworks",
				);
				MARKETING_VERSION = 1.0;
				PRODUCT_BUNDLE_IDENTIFIER = Aset.OzinsheDemo;
				PRODUCT_NAME = "$(TARGET_NAME)";
				SWIFT_EMIT_LOC_STRINGS = YES;
				SWIFT_VERSION = 5.0;
				TARGETED_DEVICE_FAMILY = "1,2";
			};
			name = Debug;
		};
		DB4F1CC72AF3AE160086DFD5 /* Release */ = {
			isa = XCBuildConfiguration;
			baseConfigurationReference = 8D1A8C4632A91D247DA4E0D3 /* Pods-OzinsheDemo.release.xcconfig */;
			buildSettings = {
				ASSETCATALOG_COMPILER_APPICON_NAME = AppIcon;
				ASSETCATALOG_COMPILER_GLOBAL_ACCENT_COLOR_NAME = AccentColor;
				CODE_SIGN_STYLE = Automatic;
				CURRENT_PROJECT_VERSION = 1;
				GENERATE_INFOPLIST_FILE = YES;
				INFOPLIST_FILE = OzinsheDemo/Info.plist;
				INFOPLIST_KEY_UIApplicationSupportsIndirectInputEvents = YES;
				INFOPLIST_KEY_UILaunchStoryboardName = LaunchScreen;
				INFOPLIST_KEY_UIMainStoryboardFile = Main;
				INFOPLIST_KEY_UISupportedInterfaceOrientations_iPad = "UIInterfaceOrientationPortrait UIInterfaceOrientationPortraitUpsideDown UIInterfaceOrientationLandscapeLeft UIInterfaceOrientationLandscapeRight";
				INFOPLIST_KEY_UISupportedInterfaceOrientations_iPhone = "UIInterfaceOrientationPortrait UIInterfaceOrientationLandscapeLeft UIInterfaceOrientationLandscapeRight";
				IPHONEOS_DEPLOYMENT_TARGET = 16.0;
				LD_RUNPATH_SEARCH_PATHS = (
					"$(inherited)",
					"@executable_path/Frameworks",
				);
				MARKETING_VERSION = 1.0;
				PRODUCT_BUNDLE_IDENTIFIER = Aset.OzinsheDemo;
				PRODUCT_NAME = "$(TARGET_NAME)";
				SWIFT_EMIT_LOC_STRINGS = YES;
				SWIFT_VERSION = 5.0;
				TARGETED_DEVICE_FAMILY = "1,2";
			};
			name = Release;
		};
		DB4F1CC92AF3AE160086DFD5 /* Debug */ = {
			isa = XCBuildConfiguration;
			baseConfigurationReference = 7E632C1E3421F62741FBDE60 /* Pods-OzinsheDemoTests.debug.xcconfig */;
			buildSettings = {
				ALWAYS_EMBED_SWIFT_STANDARD_LIBRARIES = YES;
				BUNDLE_LOADER = "$(TEST_HOST)";
				CODE_SIGN_STYLE = Automatic;
				CURRENT_PROJECT_VERSION = 1;
				GENERATE_INFOPLIST_FILE = YES;
				IPHONEOS_DEPLOYMENT_TARGET = 17.0;
				MARKETING_VERSION = 1.0;
				PRODUCT_BUNDLE_IDENTIFIER = Aset.OzinsheDemoTests;
				PRODUCT_NAME = "$(TARGET_NAME)";
				SWIFT_EMIT_LOC_STRINGS = NO;
				SWIFT_VERSION = 5.0;
				TARGETED_DEVICE_FAMILY = "1,2";
				TEST_HOST = "$(BUILT_PRODUCTS_DIR)/OzinsheDemo.app/$(BUNDLE_EXECUTABLE_FOLDER_PATH)/OzinsheDemo";
			};
			name = Debug;
		};
		DB4F1CCA2AF3AE160086DFD5 /* Release */ = {
			isa = XCBuildConfiguration;
			baseConfigurationReference = 5C6712D23BF0B1AA2C575262 /* Pods-OzinsheDemoTests.release.xcconfig */;
			buildSettings = {
				ALWAYS_EMBED_SWIFT_STANDARD_LIBRARIES = YES;
				BUNDLE_LOADER = "$(TEST_HOST)";
				CODE_SIGN_STYLE = Automatic;
				CURRENT_PROJECT_VERSION = 1;
				GENERATE_INFOPLIST_FILE = YES;
				IPHONEOS_DEPLOYMENT_TARGET = 17.0;
				MARKETING_VERSION = 1.0;
				PRODUCT_BUNDLE_IDENTIFIER = Aset.OzinsheDemoTests;
				PRODUCT_NAME = "$(TARGET_NAME)";
				SWIFT_EMIT_LOC_STRINGS = NO;
				SWIFT_VERSION = 5.0;
				TARGETED_DEVICE_FAMILY = "1,2";
				TEST_HOST = "$(BUILT_PRODUCTS_DIR)/OzinsheDemo.app/$(BUNDLE_EXECUTABLE_FOLDER_PATH)/OzinsheDemo";
			};
			name = Release;
		};
		DB4F1CCC2AF3AE160086DFD5 /* Debug */ = {
			isa = XCBuildConfiguration;
			baseConfigurationReference = 75B4743592C7C9EAC3FF162F /* Pods-OzinsheDemo-OzinsheDemoUITests.debug.xcconfig */;
			buildSettings = {
				ALWAYS_EMBED_SWIFT_STANDARD_LIBRARIES = YES;
				CODE_SIGN_STYLE = Automatic;
				CURRENT_PROJECT_VERSION = 1;
				GENERATE_INFOPLIST_FILE = YES;
				MARKETING_VERSION = 1.0;
				PRODUCT_BUNDLE_IDENTIFIER = Aset.OzinsheDemoUITests;
				PRODUCT_NAME = "$(TARGET_NAME)";
				SWIFT_EMIT_LOC_STRINGS = NO;
				SWIFT_VERSION = 5.0;
				TARGETED_DEVICE_FAMILY = "1,2";
				TEST_TARGET_NAME = OzinsheDemo;
			};
			name = Debug;
		};
		DB4F1CCD2AF3AE160086DFD5 /* Release */ = {
			isa = XCBuildConfiguration;
			baseConfigurationReference = 7E06FB8E67EC2AB1EF699561 /* Pods-OzinsheDemo-OzinsheDemoUITests.release.xcconfig */;
			buildSettings = {
				ALWAYS_EMBED_SWIFT_STANDARD_LIBRARIES = YES;
				CODE_SIGN_STYLE = Automatic;
				CURRENT_PROJECT_VERSION = 1;
				GENERATE_INFOPLIST_FILE = YES;
				MARKETING_VERSION = 1.0;
				PRODUCT_BUNDLE_IDENTIFIER = Aset.OzinsheDemoUITests;
				PRODUCT_NAME = "$(TARGET_NAME)";
				SWIFT_EMIT_LOC_STRINGS = NO;
				SWIFT_VERSION = 5.0;
				TARGETED_DEVICE_FAMILY = "1,2";
				TEST_TARGET_NAME = OzinsheDemo;
			};
			name = Release;
		};
/* End XCBuildConfiguration section */

/* Begin XCConfigurationList section */
		DB4F1C962AF3AE150086DFD5 /* Build configuration list for PBXProject "OzinsheDemo" */ = {
			isa = XCConfigurationList;
			buildConfigurations = (
				DB4F1CC32AF3AE160086DFD5 /* Debug */,
				DB4F1CC42AF3AE160086DFD5 /* Release */,
			);
			defaultConfigurationIsVisible = 0;
			defaultConfigurationName = Release;
		};
		DB4F1CC52AF3AE160086DFD5 /* Build configuration list for PBXNativeTarget "OzinsheDemo" */ = {
			isa = XCConfigurationList;
			buildConfigurations = (
				DB4F1CC62AF3AE160086DFD5 /* Debug */,
				DB4F1CC72AF3AE160086DFD5 /* Release */,
			);
			defaultConfigurationIsVisible = 0;
			defaultConfigurationName = Release;
		};
		DB4F1CC82AF3AE160086DFD5 /* Build configuration list for PBXNativeTarget "OzinsheDemoTests" */ = {
			isa = XCConfigurationList;
			buildConfigurations = (
				DB4F1CC92AF3AE160086DFD5 /* Debug */,
				DB4F1CCA2AF3AE160086DFD5 /* Release */,
			);
			defaultConfigurationIsVisible = 0;
			defaultConfigurationName = Release;
		};
		DB4F1CCB2AF3AE160086DFD5 /* Build configuration list for PBXNativeTarget "OzinsheDemoUITests" */ = {
			isa = XCConfigurationList;
			buildConfigurations = (
				DB4F1CCC2AF3AE160086DFD5 /* Debug */,
				DB4F1CCD2AF3AE160086DFD5 /* Release */,
			);
			defaultConfigurationIsVisible = 0;
			defaultConfigurationName = Release;
		};
/* End XCConfigurationList section */

/* Begin XCRemoteSwiftPackageReference section */
		DB64C7DE2B713A9C0024C534 /* XCRemoteSwiftPackageReference "YouTubePlayerKit" */ = {
			isa = XCRemoteSwiftPackageReference;
			repositoryURL = "https://github.com/SvenTiigi/YouTubePlayerKit.git";
			requirement = {
				kind = upToNextMajorVersion;
				minimumVersion = 1.7.0;
			};
		};
/* End XCRemoteSwiftPackageReference section */

/* Begin XCSwiftPackageProductDependency section */
		DB64C7DF2B713A9C0024C534 /* YouTubePlayerKit */ = {
			isa = XCSwiftPackageProductDependency;
			package = DB64C7DE2B713A9C0024C534 /* XCRemoteSwiftPackageReference "YouTubePlayerKit" */;
			productName = YouTubePlayerKit;
		};
/* End XCSwiftPackageProductDependency section */
	};
	rootObject = DB4F1C932AF3AE150086DFD5 /* Project object */;
}
